PODS:
  - Alamofire (4.7.0)
  - PromiseKit (4.5.2):
    - PromiseKit/Foundation (= 4.5.2)
    - PromiseKit/QuartzCore (= 4.5.2)
    - PromiseKit/UIKit (= 4.5.2)
  - PromiseKit/CorePromise (4.5.2)
  - PromiseKit/Foundation (4.5.2):
    - PromiseKit/CorePromise
  - PromiseKit/QuartzCore (4.5.2):
    - PromiseKit/CorePromise
  - PromiseKit/UIKit (4.5.2):
    - PromiseKit/CorePromise
  - SDWebImage (4.3.3):
    - SDWebImage/Core (= 4.3.3)
  - SDWebImage/Core (4.3.3)
  - SWSegmentedControl (2.4.0)
  - UIDropDown (1.1.1)
  - YouTubePlayer-Swift (1.0)

DEPENDENCIES:
  - Alamofire (~> 4.4)
  - PromiseKit (~> 4.0)
  - SDWebImage (~> 4.3)
  - SWSegmentedControl
  - UIDropDown
  - YouTubePlayer-Swift (~> 1.0)

SPEC CHECKSUMS:
  Alamofire: 907e0a98eb68cdb7f9d1f541a563d6ac5dc77b25
  PromiseKit: 743e497a5f505a470d3bbbf4ce0663c1268af0a4
  SDWebImage: de4d90b5bff3571eae7bd16202b1f43135409fa5
  SWSegmentedControl: 6102f2b24ee6e17a84c423885571b5cf0cbb4524
  UIDropDown: 22e6e3e22d419884c8f21d95ea9be36aac905ed4
  YouTubePlayer-Swift: ae82f4bcb504162a872b852596a9dc1fa3828c34

PODFILE CHECKSUM: fdf4d7f65c679e782d4e2a8780b11d46e21002c9

COCOAPODS: 1.4.0
