// !$*UTF8*$!
{
	archiveVersion = 1;
	classes = {
	};
	objectVersion = 48;
	objects = {

/* Begin PBXBuildFile section */
		2C1EE2B0204E5A440093B3BF /* AppDelegate.swift in Sources */ = {isa = PBXBuildFile; fileRef = 2C1EE2AF204E5A440093B3BF /* AppDelegate.swift */; };
		2C1EE2B2204E5A440093B3BF /* ViewController.swift in Sources */ = {isa = PBXBuildFile; fileRef = 2C1EE2B1204E5A440093B3BF /* ViewController.swift */; };
		2C1EE2B5204E5A440093B3BF /* Main.storyboard in Resources */ = {isa = PBXBuildFile; fileRef = 2C1EE2B3204E5A440093B3BF /* Main.storyboard */; };
		2C1EE2B7204E5A440093B3BF /* Assets.xcassets in Resources */ = {isa = PBXBuildFile; fileRef = 2C1EE2B6204E5A440093B3BF /* Assets.xcassets */; };
		2C1EE2BA204E5A440093B3BF /* LaunchScreen.storyboard in Resources */ = {isa = PBXBuildFile; fileRef = 2C1EE2B8204E5A440093B3BF /* LaunchScreen.storyboard */; };
/* End PBXBuildFile section */

/* Begin PBXFileReference section */
		2C1EE2AC204E5A440093B3BF /* RideSafe.app */ = {isa = PBXFileReference; explicitFileType = wrapper.application; includeInIndex = 0; path = RideSafe.app; sourceTree = BUILT_PRODUCTS_DIR; };
		2C1EE2AF204E5A440093B3BF /* AppDelegate.swift */ = {isa = PBXFileReference; lastKnownFileType = sourcecode.swift; path = AppDelegate.swift; sourceTree = "<group>"; };
		2C1EE2B1204E5A440093B3BF /* ViewController.swift */ = {isa = PBXFileReference; lastKnownFileType = sourcecode.swift; path = ViewController.swift; sourceTree = "<group>"; };
		2C1EE2B4204E5A440093B3BF /* Base */ = {isa = PBXFileReference; lastKnownFileType = file.storyboard; name = Base; path = Base.lproj/Main.storyboard; sourceTree = "<group>"; };
		2C1EE2B6204E5A440093B3BF /* Assets.xcassets */ = {isa = PBXFileReference; lastKnownFileType = folder.assetcatalog; path = Assets.xcassets; sourceTree = "<group>"; };
		2C1EE2B9204E5A440093B3BF /* Base */ = {isa = PBXFileReference; lastKnownFileType = file.storyboard; name = Base; path = Base.lproj/LaunchScreen.storyboard; sourceTree = "<group>"; };
		2C1EE2BB204E5A440093B3BF /* Info.plist */ = {isa = PBXFileReference; lastKnownFileType = text.plist.xml; path = Info.plist; sourceTree = "<group>"; };
/* End PBXFileReference section */

/* Begin PBXFrameworksBuildPhase section */
		2C1EE2A9204E5A440093B3BF /* Frameworks */ = {
			isa = PBXFrameworksBuildPhase;
			buildActionMask = 2147483647;
			files = (
			);
			runOnlyForDeploymentPostprocessing = 0;
		};
/* End PBXFrameworksBuildPhase section */

/* Begin PBXGroup section */
		2C1EE2A3204E5A440093B3BF = {
			isa = PBXGroup;
			children = (
				2C1EE2AE204E5A440093B3BF /* RideSafe */,
				2C1EE2AD204E5A440093B3BF /* Products */,
			);
			sourceTree = "<group>";
		};
		2C1EE2AD204E5A440093B3BF /* Products */ = {
			isa = PBXGroup;
			children = (
				2C1EE2AC204E5A440093B3BF /* RideSafe.app */,
			);
			name = Products;
			sourceTree = "<group>";
		};
		2C1EE2AE204E5A440093B3BF /* RideSafe */ = {
			isa = PBXGroup;
			children = (
				2C1EE2AF204E5A440093B3BF /* AppDelegate.swift */,
				2C1EE2B1204E5A440093B3BF /* ViewController.swift */,
				2C1EE2B3204E5A440093B3BF /* Main.storyboard */,
				2C1EE2B6204E5A440093B3BF /* Assets.xcassets */,
				2C1EE2B8204E5A440093B3BF /* LaunchScreen.storyboard */,
				2C1EE2BB204E5A440093B3BF /* Info.plist */,
			);
			path = RideSafe;
			sourceTree = "<group>";
		};
/* End PBXGroup section */

/* Begin PBXNativeTarget section */
		2C1EE2AB204E5A440093B3BF /* RideSafe */ = {
			isa = PBXNativeTarget;
			buildConfigurationList = 2C1EE2BE204E5A440093B3BF /* Build configuration list for PBXNativeTarget "RideSafe" */;
			buildPhases = (
				2C1EE2A8204E5A440093B3BF /* Sources */,
				2C1EE2A9204E5A440093B3BF /* Frameworks */,
				2C1EE2AA204E5A440093B3BF /* Resources */,
			);
			buildRules = (
			);
			dependencies = (
			);
			name = RideSafe;
			productName = RideSafe;
			productReference = 2C1EE2AC204E5A440093B3BF /* RideSafe.app */;
			productType = "com.apple.product-type.application";
		};
/* End PBXNativeTarget section */

/* Begin PBXProject section */
		2C1EE2A4204E5A440093B3BF /* Project object */ = {
			isa = PBXProject;
			attributes = {
				LastSwiftUpdateCheck = 0920;
				LastUpgradeCheck = 0920;
				ORGANIZATIONNAME = Mobiquel;
				TargetAttributes = {
					2C1EE2AB204E5A440093B3BF = {
						CreatedOnToolsVersion = 9.2;
						ProvisioningStyle = Automatic;
					};
				};
			};
			buildConfigurationList = 2C1EE2A7204E5A440093B3BF /* Build configuration list for PBXProject "RideSafe" */;
			compatibilityVersion = "Xcode 8.0";
			developmentRegion = en;
			hasScannedForEncodings = 0;
			knownRegions = (
				en,
				Base,
			);
			mainGroup = 2C1EE2A3204E5A440093B3BF;
			productRefGroup = 2C1EE2AD204E5A440093B3BF /* Products */;
			projectDirPath = "";
			projectRoot = "";
			targets = (
				2C1EE2AB204E5A440093B3BF /* RideSafe */,
			);
		};
/* End PBXProject section */

/* Begin PBXResourcesBuildPhase section */
		2C1EE2AA204E5A440093B3BF /* Resources */ = {
			isa = PBXResourcesBuildPhase;
			buildActionMask = 2147483647;
			files = (
				2C1EE2BA204E5A440093B3BF /* LaunchScreen.storyboard in Resources */,
				2C1EE2B7204E5A440093B3BF /* Assets.xcassets in Resources */,
				2C1EE2B5204E5A440093B3BF /* Main.storyboard in Resources */,
			);
			runOnlyForDeploymentPostprocessing = 0;
		};
/* End PBXResourcesBuildPhase section */

/* Begin PBXSourcesBuildPhase section */
		2C1EE2A8204E5A440093B3BF /* Sources */ = {
			isa = PBXSourcesBuildPhase;
			buildActionMask = 2147483647;
			files = (
				2C1EE2B2204E5A440093B3BF /* ViewController.swift in Sources */,
				2C1EE2B0204E5A440093B3BF /* AppDelegate.swift in Sources */,
			);
			runOnlyForDeploymentPostprocessing = 0;
		};
/* End PBXSourcesBuildPhase section */

/* Begin PBXVariantGroup section */
		2C1EE2B3204E5A440093B3BF /* Main.storyboard */ = {
			isa = PBXVariantGroup;
			children = (
				2C1EE2B4204E5A440093B3BF /* Base */,
			);
			name = Main.storyboard;
			sourceTree = "<group>";
		};
		2C1EE2B8204E5A440093B3BF /* LaunchScreen.storyboard */ = {
			isa = PBXVariantGroup;
			children = (
				2C1EE2B9204E5A440093B3BF /* Base */,
			);
			name = LaunchScreen.storyboard;
			sourceTree = "<group>";
		};
/* End PBXVariantGroup section */

/* Begin XCBuildConfiguration section */
		2C1EE2BC204E5A440093B3BF /* Debug */ = {
			isa = XCBuildConfiguration;
			buildSettings = {
				ALWAYS_SEARCH_USER_PATHS = NO;
				CLANG_ANALYZER_NONNULL = YES;
				CLANG_ANALYZER_NUMBER_OBJECT_CONVERSION = YES_AGGRESSIVE;
				CLANG_CXX_LANGUAGE_STANDARD = "gnu++14";
				CLANG_CXX_LIBRARY = "libc++";
				CLANG_ENABLE_MODULES = YES;
				CLANG_ENABLE_OBJC_ARC = YES;
				CLANG_WARN_BLOCK_CAPTURE_AUTORELEASING = YES;
				CLANG_WARN_BOOL_CONVERSION = YES;
				CLANG_WARN_COMMA = YES;
				CLANG_WARN_CONSTANT_CONVERSION = YES;
				CLANG_WARN_DIRECT_OBJC_ISA_USAGE = YES_ERROR;
				CLANG_WARN_DOCUMENTATION_COMMENTS = YES;
				CLANG_WARN_EMPTY_BODY = YES;
				CLANG_WARN_ENUM_CONVERSION = YES;
				CLANG_WARN_INFINITE_RECURSION = YES;
				CLANG_WARN_INT_CONVERSION = YES;
				CLANG_WARN_NON_LITERAL_NULL_CONVERSION = YES;
				CLANG_WARN_OBJC_LITERAL_CONVERSION = YES;
				CLANG_WARN_OBJC_ROOT_CLASS = YES_ERROR;
				CLANG_WARN_RANGE_LOOP_ANALYSIS = YES;
				CLANG_WARN_STRICT_PROTOTYPES = YES;
				CLANG_WARN_SUSPICIOUS_MOVE = YES;
				CLANG_WARN_UNGUARDED_AVAILABILITY = YES_AGGRESSIVE;
				CLANG_WARN_UNREACHABLE_CODE = YES;
				CLANG_WARN__DUPLICATE_METHOD_MATCH = YES;
				CODE_SIGN_IDENTITY = "iPhone Developer";
				COPY_PHASE_STRIP = NO;
				DEBUG_INFORMATION_FORMAT = dwarf;
				ENABLE_STRICT_OBJC_MSGSEND = YES;
				ENABLE_TESTABILITY = YES;
				GCC_C_LANGUAGE_STANDARD = gnu11;
				GCC_DYNAMIC_NO_PIC = NO;
				GCC_NO_COMMON_BLOCKS = YES;
				GCC_OPTIMIZATION_LEVEL = 0;
				GCC_PREPROCESSOR_DEFINITIONS = (
					"DEBUG=1",
					"$(inherited)",
				);
				GCC_WARN_64_TO_32_BIT_CONVERSION = YES;
				GCC_WARN_ABOUT_RETURN_TYPE = YES_ERROR;
				GCC_WARN_UNDECLARED_SELECTOR = YES;
				GCC_WARN_UNINITIALIZED_AUTOS = YES_AGGRESSIVE;
				GCC_WARN_UNUSED_FUNCTION = YES;
				GCC_WARN_UNUSED_VARIABLE = YES;
				IPHONEOS_DEPLOYMENT_TARGET = 11.2;
				MTL_ENABLE_DEBUG_INFO = YES;
				ONLY_ACTIVE_ARCH = YES;
				SDKROOT = iphoneos;
				SWIFT_ACTIVE_COMPILATION_CONDITIONS = DEBUG;
				SWIFT_OPTIMIZATION_LEVEL = "-Onone";
			};
			name = Debug;
		};
		2C1EE2BD204E5A440093B3BF /* Release */ = {
			isa = XCBuildConfiguration;
			buildSettings = {
				ALWAYS_SEARCH_USER_PATHS = NO;
				CLANG_ANALYZER_NONNULL = YES;
				CLANG_ANALYZER_NUMBER_OBJECT_CONVERSION = YES_AGGRESSIVE;
				CLANG_CXX_LANGUAGE_STANDARD = "gnu++14";
				CLANG_CXX_LIBRARY = "libc++";
				CLANG_ENABLE_MODULES = YES;
				CLANG_ENABLE_OBJC_ARC = YES;
				CLANG_WARN_BLOCK_CAPTURE_AUTORELEASING = YES;
				CLANG_WARN_BOOL_CONVERSION = YES;
				CLANG_WARN_COMMA = YES;
				CLANG_WARN_CONSTANT_CONVERSION = YES;
				CLANG_WARN_DIRECT_OBJC_ISA_USAGE = YES_ERROR;
				CLANG_WARN_DOCUMENTATION_COMMENTS = YES;
				CLANG_WARN_EMPTY_BODY = YES;
				CLANG_WARN_ENUM_CONVERSION = YES;
				CLANG_WARN_INFINITE_RECURSION = YES;
				CLANG_WARN_INT_CONVERSION = YES;
				CLANG_WARN_NON_LITERAL_NULL_CONVERSION = YES;
				CLANG_WARN_OBJC_LITERAL_CONVERSION = YES;
				CLANG_WARN_OBJC_ROOT_CLASS = YES_ERROR;
				CLANG_WARN_RANGE_LOOP_ANALYSIS = YES;
				CLANG_WARN_STRICT_PROTOTYPES = YES;
				CLANG_WARN_SUSPICIOUS_MOVE = YES;
				CLANG_WARN_UNGUARDED_AVAILABILITY = YES_AGGRESSIVE;
				CLANG_WARN_UNREACHABLE_CODE = YES;
				CLANG_WARN__DUPLICATE_METHOD_MATCH = YES;
				CODE_SIGN_IDENTITY = "iPhone Developer";
				COPY_PHASE_STRIP = NO;
				DEBUG_INFORMATION_FORMAT = "dwarf-with-dsym";
				ENABLE_NS_ASSERTIONS = NO;
				ENABLE_STRICT_OBJC_MSGSEND = YES;
				GCC_C_LANGUAGE_STANDARD = gnu11;
				GCC_NO_COMMON_BLOCKS = YES;
				GCC_WARN_64_TO_32_BIT_CONVERSION = YES;
				GCC_WARN_ABOUT_RETURN_TYPE = YES_ERROR;
				GCC_WARN_UNDECLARED_SELECTOR = YES;
				GCC_WARN_UNINITIALIZED_AUTOS = YES_AGGRESSIVE;
				GCC_WARN_UNUSED_FUNCTION = YES;
				GCC_WARN_UNUSED_VARIABLE = YES;
				IPHONEOS_DEPLOYMENT_TARGET = 11.2;
				MTL_ENABLE_DEBUG_INFO = NO;
				SDKROOT = iphoneos;
				SWIFT_OPTIMIZATION_LEVEL = "-Owholemodule";
				VALIDATE_PRODUCT = YES;
			};
			name = Release;
		};
		2C1EE2BF204E5A440093B3BF /* Debug */ = {
			isa = XCBuildConfiguration;
			buildSettings = {
				ASSETCATALOG_COMPILER_APPICON_NAME = AppIcon;
				CODE_SIGN_STYLE = Automatic;
				INFOPLIST_FILE = RideSafe/Info.plist;
				LD_RUNPATH_SEARCH_PATHS = "$(inherited) @executable_path/Frameworks";
				PRODUCT_BUNDLE_IDENTIFIER = com.mobiquel.RideSafe;
				PRODUCT_NAME = "$(TARGET_NAME)";
				SWIFT_VERSION = 4.0;
				TARGETED_DEVICE_FAMILY = "1,2";
			};
			name = Debug;
		};
		2C1EE2C0204E5A440093B3BF /* Release */ = {
			isa = XCBuildConfiguration;
			buildSettings = {
				ASSETCATALOG_COMPILER_APPICON_NAME = AppIcon;
				CODE_SIGN_STYLE = Automatic;
				INFOPLIST_FILE = RideSafe/Info.plist;
				LD_RUNPATH_SEARCH_PATHS = "$(inherited) @executable_path/Frameworks";
				PRODUCT_BUNDLE_IDENTIFIER = com.mobiquel.RideSafe;
				PRODUCT_NAME = "$(TARGET_NAME)";
				SWIFT_VERSION = 4.0;
				TARGETED_DEVICE_FAMILY = "1,2";
			};
			name = Release;
		};
/* End XCBuildConfiguration section */

/* Begin XCConfigurationList section */
		2C1EE2A7204E5A440093B3BF /* Build configuration list for PBXProject "RideSafe" */ = {
			isa = XCConfigurationList;
			buildConfigurations = (
				2C1EE2BC204E5A440093B3BF /* Debug */,
				2C1EE2BD204E5A440093B3BF /* Release */,
			);
			defaultConfigurationIsVisible = 0;
			defaultConfigurationName = Release;
		};
		2C1EE2BE204E5A440093B3BF /* Build configuration list for PBXNativeTarget "RideSafe" */ = {
			isa = XCConfigurationList;
			buildConfigurations = (
				2C1EE2BF204E5A440093B3BF /* Debug */,
				2C1EE2C0204E5A440093B3BF /* Release */,
			);
			defaultConfigurationIsVisible = 0;
			defaultConfigurationName = Release;
		};
/* End XCConfigurationList section */
	};
	rootObject = 2C1EE2A4204E5A440093B3BF /* Project object */;
}
