// !$*UTF8*$!
{
	archiveVersion = 1;
	classes = {
	};
	objectVersion = 48;
	objects = {

/* Begin PBXBuildFile section */
		2C15668B2051CE0E00B4067C /* Checkbox.swift in Sources */ = {isa = PBXBuildFile; fileRef = 2C15668A2051CE0E00B4067C /* Checkbox.swift */; };
		2C1566972056A6F900B4067C /* SideMenu.swift in Sources */ = {isa = PBXBuildFile; fileRef = 2C1566942056A6F900B4067C /* SideMenu.swift */; };
		2C1566982056A6F900B4067C /* MenuCell.swift in Sources */ = {isa = PBXBuildFile; fileRef = 2C1566952056A6F900B4067C /* MenuCell.swift */; };
		2C1566992056A6F900B4067C /* MenuCell.xib in Resources */ = {isa = PBXBuildFile; fileRef = 2C1566962056A6F900B4067C /* MenuCell.xib */; };
		2C1566A02056A76D00B4067C /* DashboardController.swift in Sources */ = {isa = PBXBuildFile; fileRef = 2C15669F2056A76D00B4067C /* DashboardController.swift */; };
		2C1566A22057DCA000B4067C /* MyProfile.swift in Sources */ = {isa = PBXBuildFile; fileRef = 2C1566A12057DCA000B4067C /* MyProfile.swift */; };
		2C1566A42057DCC300B4067C /* MyReport.swift in Sources */ = {isa = PBXBuildFile; fileRef = 2C1566A32057DCC300B4067C /* MyReport.swift */; };
		2C1566A82057DCF800B4067C /* AboutRideSafe.swift in Sources */ = {isa = PBXBuildFile; fileRef = 2C1566A72057DCF800B4067C /* AboutRideSafe.swift */; };
		2C1566AA2058013A00B4067C /* RideSafeViewController.swift in Sources */ = {isa = PBXBuildFile; fileRef = 2C1566A92058013A00B4067C /* RideSafeViewController.swift */; };
		2C1566AC2058238800B4067C /* RegistrationController.swift in Sources */ = {isa = PBXBuildFile; fileRef = 2C1566AB2058238800B4067C /* RegistrationController.swift */; };
		2C1566B320582F8D00B4067C /* DistrictList.swift in Sources */ = {isa = PBXBuildFile; fileRef = 2C1566B020582F8D00B4067C /* DistrictList.swift */; };
		2C1566B720584B7400B4067C /* SwiftLoader.swift in Sources */ = {isa = PBXBuildFile; fileRef = 2C1566B620584B7400B4067C /* SwiftLoader.swift */; };
		2C1EE2B0204E5A440093B3BF /* AppDelegate.swift in Sources */ = {isa = PBXBuildFile; fileRef = 2C1EE2AF204E5A440093B3BF /* AppDelegate.swift */; };
		2C1EE2B5204E5A440093B3BF /* Main.storyboard in Resources */ = {isa = PBXBuildFile; fileRef = 2C1EE2B3204E5A440093B3BF /* Main.storyboard */; };
		2C1EE2B7204E5A440093B3BF /* Assets.xcassets in Resources */ = {isa = PBXBuildFile; fileRef = 2C1EE2B6204E5A440093B3BF /* Assets.xcassets */; };
		2C1EE2BA204E5A440093B3BF /* LaunchScreen.storyboard in Resources */ = {isa = PBXBuildFile; fileRef = 2C1EE2B8204E5A440093B3BF /* LaunchScreen.storyboard */; };
		2C1EE2D5204E6F3E0093B3BF /* Services.swift in Sources */ = {isa = PBXBuildFile; fileRef = 2C1EE2D3204E6F3E0093B3BF /* Services.swift */; };
		2C1EE2D6204E6F3E0093B3BF /* NetworkManager.swift in Sources */ = {isa = PBXBuildFile; fileRef = 2C1EE2D4204E6F3E0093B3BF /* NetworkManager.swift */; };
		2C1EE2D9204E6F460093B3BF /* LoginController.swift in Sources */ = {isa = PBXBuildFile; fileRef = 2C1EE2D8204E6F460093B3BF /* LoginController.swift */; };
		2C23660120677796000981A8 /* UpdateActionController.swift in Sources */ = {isa = PBXBuildFile; fileRef = 2C23660020677796000981A8 /* UpdateActionController.swift */; };
		2C2366082067793B000981A8 /* UpdateActionCell.swift in Sources */ = {isa = PBXBuildFile; fileRef = 2C2366062067793B000981A8 /* UpdateActionCell.swift */; };
		2C2366092067793B000981A8 /* UpdateActionCell.xib in Resources */ = {isa = PBXBuildFile; fileRef = 2C2366072067793B000981A8 /* UpdateActionCell.xib */; };
		2C27D16B20767E3600F23736 /* FOMyProfile.storyboard in Resources */ = {isa = PBXBuildFile; fileRef = 2C27D16A20767E3600F23736 /* FOMyProfile.storyboard */; };
		2C27D16D20767E7300F23736 /* FOMyProfileController.swift in Sources */ = {isa = PBXBuildFile; fileRef = 2C27D16C20767E7300F23736 /* FOMyProfileController.swift */; };
		2C3D5651205AD1CE008F9104 /* DropDown.storyboard in Resources */ = {isa = PBXBuildFile; fileRef = 2C3D5650205AD1CE008F9104 /* DropDown.storyboard */; };
		2C3D5653205AD1E8008F9104 /* DropDownController.swift in Sources */ = {isa = PBXBuildFile; fileRef = 2C3D5652205AD1E8008F9104 /* DropDownController.swift */; };
		2C3D5658205AD37B008F9104 /* VerifyOTPResponse.swift in Sources */ = {isa = PBXBuildFile; fileRef = 2C3D5655205AD37B008F9104 /* VerifyOTPResponse.swift */; };
		2C3D5659205AD37B008F9104 /* DrivingIssuesCategoryList.swift in Sources */ = {isa = PBXBuildFile; fileRef = 2C3D5656205AD37B008F9104 /* DrivingIssuesCategoryList.swift */; };
		2C3D565A205AD37B008F9104 /* DrivingIssueCategory.swift in Sources */ = {isa = PBXBuildFile; fileRef = 2C3D5657205AD37B008F9104 /* DrivingIssueCategory.swift */; };
		2C3D565E205D5FC0008F9104 /* CitizenProfile.swift in Sources */ = {isa = PBXBuildFile; fileRef = 2C3D565C205D5FC0008F9104 /* CitizenProfile.swift */; };
		2C3D565F205D5FC0008F9104 /* Citizen.swift in Sources */ = {isa = PBXBuildFile; fileRef = 2C3D565D205D5FC0008F9104 /* Citizen.swift */; };
		2C3D5661205D62CB008F9104 /* SharedSettings.swift in Sources */ = {isa = PBXBuildFile; fileRef = 2C3D5660205D62CB008F9104 /* SharedSettings.swift */; };
		2C4F940920768B6800BC5D31 /* FieldOfficial.swift in Sources */ = {isa = PBXBuildFile; fileRef = 2C4F940720768B6700BC5D31 /* FieldOfficial.swift */; };
		2C4F940A20768B6800BC5D31 /* FieldOfficialProfileResponse.swift in Sources */ = {isa = PBXBuildFile; fileRef = 2C4F940820768B6700BC5D31 /* FieldOfficialProfileResponse.swift */; };
		2C4F94462078915300BC5D31 /* String+Extenstion.swift in Sources */ = {isa = PBXBuildFile; fileRef = 2C4F94452078915300BC5D31 /* String+Extenstion.swift */; };
		2C4F94522078A12C00BC5D31 /* Localizable.strings in Resources */ = {isa = PBXBuildFile; fileRef = 2C4F944A2078A12B00BC5D31 /* Localizable.strings */; };
		2C4F94532078A12C00BC5D31 /* Localizable.strings in Resources */ = {isa = PBXBuildFile; fileRef = 2C4F944D2078A12B00BC5D31 /* Localizable.strings */; };
		2C4F94542078A12C00BC5D31 /* Localizable.strings in Resources */ = {isa = PBXBuildFile; fileRef = 2C4F94502078A12B00BC5D31 /* Localizable.strings */; };
		2C63FBEC2064023E00BE8691 /* CustomError.swift in Sources */ = {isa = PBXBuildFile; fileRef = 2C63FBEB2064023E00BE8691 /* CustomError.swift */; };
		2C63FC112065493B00BE8691 /* FOMain.storyboard in Resources */ = {isa = PBXBuildFile; fileRef = 2C63FC102065493B00BE8691 /* FOMain.storyboard */; };
		2C63FC132065495C00BE8691 /* FODashboardController.swift in Sources */ = {isa = PBXBuildFile; fileRef = 2C63FC122065495C00BE8691 /* FODashboardController.swift */; };
		2C63FC1720657A9600BE8691 /* InfraIssueController.swift in Sources */ = {isa = PBXBuildFile; fileRef = 2C63FC1620657A9600BE8691 /* InfraIssueController.swift */; };
		2C63FC1920657AAB00BE8691 /* TransportController.swift in Sources */ = {isa = PBXBuildFile; fileRef = 2C63FC1820657AAB00BE8691 /* TransportController.swift */; };
		2C63FC1B20657ABD00BE8691 /* PoliceController.swift in Sources */ = {isa = PBXBuildFile; fileRef = 2C63FC1A20657ABD00BE8691 /* PoliceController.swift */; };
		2C63FC1F20657D8900BE8691 /* EmbededContainerController.swift in Sources */ = {isa = PBXBuildFile; fileRef = 2C63FC1E20657D8900BE8691 /* EmbededContainerController.swift */; };
		2C63FC21206583D600BE8691 /* EmptySegue.swift in Sources */ = {isa = PBXBuildFile; fileRef = 2C63FC20206583D600BE8691 /* EmptySegue.swift */; };
		2C63FC23206590F900BE8691 /* DrivingIssueController.swift in Sources */ = {isa = PBXBuildFile; fileRef = 2C63FC22206590F900BE8691 /* DrivingIssueController.swift */; };
		2C87E7B62066204F00CAD64C /* DrivingIssueForFieldOfficial.swift in Sources */ = {isa = PBXBuildFile; fileRef = 2C87E7B42066204F00CAD64C /* DrivingIssueForFieldOfficial.swift */; };
		2C87E7B72066204F00CAD64C /* DrivingIssueListForFieldOfficial.swift in Sources */ = {isa = PBXBuildFile; fileRef = 2C87E7B52066204F00CAD64C /* DrivingIssueListForFieldOfficial.swift */; };
		2C87E7BA206622B100CAD64C /* FODrivingIssueCell.swift in Sources */ = {isa = PBXBuildFile; fileRef = 2C87E7B9206622B100CAD64C /* FODrivingIssueCell.swift */; };
		2C87E7BC2066556D00CAD64C /* NoRecordView.swift in Sources */ = {isa = PBXBuildFile; fileRef = 2C87E7BB2066556D00CAD64C /* NoRecordView.swift */; };
		2C87E7BE2066557D00CAD64C /* NoRecord.xib in Resources */ = {isa = PBXBuildFile; fileRef = 2C87E7BD2066557D00CAD64C /* NoRecord.xib */; };
		2C87E7C720665B4400CAD64C /* InfraIssuesListForFieldOfficer.swift in Sources */ = {isa = PBXBuildFile; fileRef = 2C87E7C520665B4400CAD64C /* InfraIssuesListForFieldOfficer.swift */; };
		2C87E7C820665B4400CAD64C /* InfraIssuesForFieldOfficer.swift in Sources */ = {isa = PBXBuildFile; fileRef = 2C87E7C620665B4400CAD64C /* InfraIssuesForFieldOfficer.swift */; };
		2C87E7CB2066654C00CAD64C /* FOContactCell.swift in Sources */ = {isa = PBXBuildFile; fileRef = 2C87E7C92066654C00CAD64C /* FOContactCell.swift */; };
		2C87E7CC2066654C00CAD64C /* FOContactCell.xib in Resources */ = {isa = PBXBuildFile; fileRef = 2C87E7CA2066654C00CAD64C /* FOContactCell.xib */; };
		2C87E7D52066694A00CAD64C /* FieldOfficerList.swift in Sources */ = {isa = PBXBuildFile; fileRef = 2C87E7D32066694A00CAD64C /* FieldOfficerList.swift */; };
		2C87E7D62066694A00CAD64C /* FieldOfficer.swift in Sources */ = {isa = PBXBuildFile; fileRef = 2C87E7D42066694A00CAD64C /* FieldOfficer.swift */; };
		2CB05AF0207491FE006C547E /* Poppins-SemiBold.ttf in Resources */ = {isa = PBXBuildFile; fileRef = 2CB05AED207491FD006C547E /* Poppins-SemiBold.ttf */; };
		2CB05AF1207491FE006C547E /* Poppins-Regular.ttf in Resources */ = {isa = PBXBuildFile; fileRef = 2CB05AEE207491FE006C547E /* Poppins-Regular.ttf */; };
		2CB05AF2207491FE006C547E /* Poppins-Medium.ttf in Resources */ = {isa = PBXBuildFile; fileRef = 2CB05AEF207491FE006C547E /* Poppins-Medium.ttf */; };
		2CC96A32207A947F00B7AAFD /* FuturaStd-Heavy.otf in Resources */ = {isa = PBXBuildFile; fileRef = 2CC96A2F207A947F00B7AAFD /* FuturaStd-Heavy.otf */; };
		2CC96A33207A947F00B7AAFD /* futuram_C.ttf in Resources */ = {isa = PBXBuildFile; fileRef = 2CC96A30207A947F00B7AAFD /* futuram_C.ttf */; };
		2CC96A35207A965800B7AAFD /* futura-regular.ttf in Resources */ = {isa = PBXBuildFile; fileRef = 2CC96A34207A965800B7AAFD /* futura-regular.ttf */; };
		2CE630C7209B5F4F00E1C4F7 /* GoogleService-Info.plist in Resources */ = {isa = PBXBuildFile; fileRef = 2CE630C6209B5F4F00E1C4F7 /* GoogleService-Info.plist */; };
		2CF24342205E7880007E696C /* SettingController.swift in Sources */ = {isa = PBXBuildFile; fileRef = 2CF24341205E7880007E696C /* SettingController.swift */; };
		2CF24346205E7B5D007E696C /* LanguageCell.swift in Sources */ = {isa = PBXBuildFile; fileRef = 2CF24345205E7B5D007E696C /* LanguageCell.swift */; };
		2CF2435A205EC80A007E696C /* WelcomeAlertController.swift in Sources */ = {isa = PBXBuildFile; fileRef = 2CF24359205EC80A007E696C /* WelcomeAlertController.swift */; };
		2CF2435C205EC81F007E696C /* WelcomeAlert.storyboard in Resources */ = {isa = PBXBuildFile; fileRef = 2CF2435B205EC81F007E696C /* WelcomeAlert.storyboard */; };
		2CF2435E20600242007E696C /* AppConstants.swift in Sources */ = {isa = PBXBuildFile; fileRef = 2CF2435D20600242007E696C /* AppConstants.swift */; };
		2CF24360206010B6007E696C /* RideSafeNavigationController.swift in Sources */ = {isa = PBXBuildFile; fileRef = 2CF2435F206010B6007E696C /* RideSafeNavigationController.swift */; };
		2CF2436D206031A2007E696C /* RegisterCitizenPushNotificationResponse.swift in Sources */ = {isa = PBXBuildFile; fileRef = 2CF2436A206031A1007E696C /* RegisterCitizenPushNotificationResponse.swift */; };
		2CF2436E206031A2007E696C /* RegisterCitizenPushNotification.swift in Sources */ = {isa = PBXBuildFile; fileRef = 2CF2436B206031A2007E696C /* RegisterCitizenPushNotification.swift */; };
		2CF243702062B126007E696C /* Extension+UITextView.swift in Sources */ = {isa = PBXBuildFile; fileRef = 2CF2436F2062B126007E696C /* Extension+UITextView.swift */; };
		2CF7E57B2087DC2B00BE4D84 /* IssueStatusTableVC.swift in Sources */ = {isa = PBXBuildFile; fileRef = 2CF7E57A2087DC2B00BE4D84 /* IssueStatusTableVC.swift */; };
		2CF7E57D2087DFE300BE4D84 /* IssueStatusTableViewCell.swift in Sources */ = {isa = PBXBuildFile; fileRef = 2CF7E57C2087DFE300BE4D84 /* IssueStatusTableViewCell.swift */; };
		2CF7E5812089166000BE4D84 /* ActionListItem.swift in Sources */ = {isa = PBXBuildFile; fileRef = 2CF7E5802089166000BE4D84 /* ActionListItem.swift */; };
		2CF7E587208BC27900BE4D84 /* UIViewController+Extention.swift in Sources */ = {isa = PBXBuildFile; fileRef = 2CF7E586208BC27900BE4D84 /* UIViewController+Extention.swift */; };
		2CFCDA2120832170007C9C99 /* RatingController.swift in Sources */ = {isa = PBXBuildFile; fileRef = 2CFCDA2020832170007C9C99 /* RatingController.swift */; };
		91A69E4A101E31E129D8E7DA /* Pods_JK_RideSafe.framework in Frameworks */ = {isa = PBXBuildFile; fileRef = 3011A8E533982EC002C94872 /* Pods_JK_RideSafe.framework */; };
		B803CD9B2065E15700475AB9 /* MyRoadInfraIssueResponse.swift in Sources */ = {isa = PBXBuildFile; fileRef = B803CD992065E15600475AB9 /* MyRoadInfraIssueResponse.swift */; };
		B803CD9C2065E15700475AB9 /* MyRoadInfraIssue.swift in Sources */ = {isa = PBXBuildFile; fileRef = B803CD9A2065E15600475AB9 /* MyRoadInfraIssue.swift */; };
		B811FE20205F5183005F327B /* RoadInfraIssue.storyboard in Resources */ = {isa = PBXBuildFile; fileRef = B811FE1F205F5183005F327B /* RoadInfraIssue.storyboard */; };
		B811FE22205F519A005F327B /* RoadInfraIssueViewController.swift in Sources */ = {isa = PBXBuildFile; fileRef = B811FE21205F519A005F327B /* RoadInfraIssueViewController.swift */; };
		B813A3FD206175A600A1B6F5 /* EmergencyConacts.swift in Sources */ = {isa = PBXBuildFile; fileRef = B813A3FB206175A600A1B6F5 /* EmergencyConacts.swift */; };
		B813A3FE206175A600A1B6F5 /* EmergencyContactResponce.swift in Sources */ = {isa = PBXBuildFile; fileRef = B813A3FC206175A600A1B6F5 /* EmergencyContactResponce.swift */; };
		B81A18D1206353C1001701F4 /* RoadinfraIssueResponse.swift in Sources */ = {isa = PBXBuildFile; fileRef = B81A18CF206353C1001701F4 /* RoadinfraIssueResponse.swift */; };
		B81A18D2206353C1001701F4 /* RoadInfraIssue.swift in Sources */ = {isa = PBXBuildFile; fileRef = B81A18D0206353C1001701F4 /* RoadInfraIssue.swift */; };
		B821B2A5205CC22E007D1F32 /* VideoTableViewCell.swift in Sources */ = {isa = PBXBuildFile; fileRef = B821B2A3205CC22E007D1F32 /* VideoTableViewCell.swift */; };
		B821B2A6205CC22E007D1F32 /* VideoTableViewCell.xib in Resources */ = {isa = PBXBuildFile; fileRef = B821B2A4205CC22E007D1F32 /* VideoTableViewCell.xib */; };
		B821B2A9205CC23E007D1F32 /* PDFTableViewCell.swift in Sources */ = {isa = PBXBuildFile; fileRef = B821B2A7205CC23E007D1F32 /* PDFTableViewCell.swift */; };
		B821B2AA205CC23E007D1F32 /* PDFTableViewCell.xib in Resources */ = {isa = PBXBuildFile; fileRef = B821B2A8205CC23E007D1F32 /* PDFTableViewCell.xib */; };
		B821B2AC205CC260007D1F32 /* YoutubeVideoViewController.swift in Sources */ = {isa = PBXBuildFile; fileRef = B821B2AB205CC260007D1F32 /* YoutubeVideoViewController.swift */; };
		B821B2AE205CD8F7007D1F32 /* OpenPdfViewController.swift in Sources */ = {isa = PBXBuildFile; fileRef = B821B2AD205CD8F7007D1F32 /* OpenPdfViewController.swift */; };
		B841ED0C205D920B00ACFF0E /* HelpLineTableViewCell.swift in Sources */ = {isa = PBXBuildFile; fileRef = B841ED0B205D920B00ACFF0E /* HelpLineTableViewCell.swift */; };
		B841ED10205D9ACA00ACFF0E /* DirectoryResponse.swift in Sources */ = {isa = PBXBuildFile; fileRef = B841ED0E205D9ACA00ACFF0E /* DirectoryResponse.swift */; };
		B841ED11205D9ACA00ACFF0E /* Directory.swift in Sources */ = {isa = PBXBuildFile; fileRef = B841ED0F205D9ACA00ACFF0E /* Directory.swift */; };
		B84DB417205E32710000A256 /* EmergencyContact.storyboard in Resources */ = {isa = PBXBuildFile; fileRef = B84DB416205E32710000A256 /* EmergencyContact.storyboard */; };
		B84DB419205E328D0000A256 /* EmergencyContactViewController.swift in Sources */ = {isa = PBXBuildFile; fileRef = B84DB418205E328D0000A256 /* EmergencyContactViewController.swift */; };
		B85BB358208ACB8400FE3C79 /* ShareLiveLocation.swift in Sources */ = {isa = PBXBuildFile; fileRef = B85BB357208ACB8400FE3C79 /* ShareLiveLocation.swift */; };
		B865FFE7207DE18900B675F3 /* Notification.storyboard in Resources */ = {isa = PBXBuildFile; fileRef = B865FFE6207DE18900B675F3 /* Notification.storyboard */; };
		B865FFE9207DE1A100B675F3 /* NotificationViewController.swift in Sources */ = {isa = PBXBuildFile; fileRef = B865FFE8207DE1A100B675F3 /* NotificationViewController.swift */; };
		B865FFEB207DE56700B675F3 /* NotificationTableViewCell.swift in Sources */ = {isa = PBXBuildFile; fileRef = B865FFEA207DE56700B675F3 /* NotificationTableViewCell.swift */; };
		B865FFEE207DE91300B675F3 /* NotificationResponse.swift in Sources */ = {isa = PBXBuildFile; fileRef = B865FFED207DE91300B675F3 /* NotificationResponse.swift */; };
		B865FFF0207DE91C00B675F3 /* Notification.swift in Sources */ = {isa = PBXBuildFile; fileRef = B865FFEF207DE91C00B675F3 /* Notification.swift */; };
		B86F32EE205D108C00A6A975 /* MediaResponse.swift in Sources */ = {isa = PBXBuildFile; fileRef = B86F32EC205D108B00A6A975 /* MediaResponse.swift */; };
		B86F32EF205D108C00A6A975 /* Media.swift in Sources */ = {isa = PBXBuildFile; fileRef = B86F32ED205D108C00A6A975 /* Media.swift */; };
		B870129520982FE70091278F /* DrivingCaseLocationList.swift in Sources */ = {isa = PBXBuildFile; fileRef = B870129420982FE70091278F /* DrivingCaseLocationList.swift */; };
		B8AFD876205AD1F20044A608 /* Education.storyboard in Resources */ = {isa = PBXBuildFile; fileRef = B8AFD872205AD1F20044A608 /* Education.storyboard */; };
		B8AFD877205AD1F20044A608 /* EducationContainerViewController.swift in Sources */ = {isa = PBXBuildFile; fileRef = B8AFD873205AD1F20044A608 /* EducationContainerViewController.swift */; };
		B8AFD878205AD1F20044A608 /* EducationPDFViewController.swift in Sources */ = {isa = PBXBuildFile; fileRef = B8AFD874205AD1F20044A608 /* EducationPDFViewController.swift */; };
		B8AFD879205AD1F20044A608 /* EducationVideoViewController.swift in Sources */ = {isa = PBXBuildFile; fileRef = B8AFD875205AD1F20044A608 /* EducationVideoViewController.swift */; };
		B8AFD87C205AD23E0044A608 /* HelpLine.storyboard in Resources */ = {isa = PBXBuildFile; fileRef = B8AFD87B205AD23E0044A608 /* HelpLine.storyboard */; };
		B8AFD87E205AD2770044A608 /* HelpLineContainerViewController.swift in Sources */ = {isa = PBXBuildFile; fileRef = B8AFD87D205AD2770044A608 /* HelpLineContainerViewController.swift */; };
		B8AFDA6B205ADB350044A608 /* HelplineAdministrationViewController.swift in Sources */ = {isa = PBXBuildFile; fileRef = B8AFDA6A205ADB350044A608 /* HelplineAdministrationViewController.swift */; };
		B8C4F2732065561B00587E55 /* ReportsContainerViewController.swift in Sources */ = {isa = PBXBuildFile; fileRef = B8C4F2722065561B00587E55 /* ReportsContainerViewController.swift */; };
		B8C4F2752065563500587E55 /* Reports.storyboard in Resources */ = {isa = PBXBuildFile; fileRef = B8C4F2742065563500587E55 /* Reports.storyboard */; };
		B8C4F277206556AB00587E55 /* UnsafeDrivingIssueListViewController.swift in Sources */ = {isa = PBXBuildFile; fileRef = B8C4F276206556AB00587E55 /* UnsafeDrivingIssueListViewController.swift */; };
		B8C4F27B2065571E00587E55 /* RoadInfraIssueListViewController.swift in Sources */ = {isa = PBXBuildFile; fileRef = B8C4F27A2065571E00587E55 /* RoadInfraIssueListViewController.swift */; };
		B8C4F27E2065574600587E55 /* ReportTableViewCell.swift in Sources */ = {isa = PBXBuildFile; fileRef = B8C4F27C2065574600587E55 /* ReportTableViewCell.swift */; };
		B8C4F27F2065574600587E55 /* ReportTableViewCell.xib in Resources */ = {isa = PBXBuildFile; fileRef = B8C4F27D2065574600587E55 /* ReportTableViewCell.xib */; };
		B8C4F283206579D300587E55 /* MyDrivingIssueReport.swift in Sources */ = {isa = PBXBuildFile; fileRef = B8C4F281206579D300587E55 /* MyDrivingIssueReport.swift */; };
		B8C4F284206579D300587E55 /* MyDrivingIssueReportResponse.swift in Sources */ = {isa = PBXBuildFile; fileRef = B8C4F282206579D300587E55 /* MyDrivingIssueReportResponse.swift */; };
		B8ED77092095C97C00CA603A /* DistrictResponse.swift in Sources */ = {isa = PBXBuildFile; fileRef = B8ED77072095C97A00CA603A /* DistrictResponse.swift */; };
		B8ED770A2095C97C00CA603A /* District.swift in Sources */ = {isa = PBXBuildFile; fileRef = B8ED77082095C97B00CA603A /* District.swift */; };
		B8FBC520206775FC00380A41 /* IssueMapViewController.swift in Sources */ = {isa = PBXBuildFile; fileRef = B8FBC51F206775FC00380A41 /* IssueMapViewController.swift */; };
		D92CAC7620F667A1008562E7 /* DrivingIssueMapVC.swift in Sources */ = {isa = PBXBuildFile; fileRef = D92CAC7520F667A1008562E7 /* DrivingIssueMapVC.swift */; };
		D92CAC8A20F78C2E008562E7 /* FieldOfficialList.swift in Sources */ = {isa = PBXBuildFile; fileRef = D92CAC8620F78C2D008562E7 /* FieldOfficialList.swift */; };
		D92CAC8C20F78C2E008562E7 /* DrivingCaseLocationForAppResponse.swift in Sources */ = {isa = PBXBuildFile; fileRef = D92CAC8820F78C2E008562E7 /* DrivingCaseLocationForAppResponse.swift */; };
		D92CAC8D20F78C2E008562E7 /* ResponseObject.swift in Sources */ = {isa = PBXBuildFile; fileRef = D92CAC8920F78C2E008562E7 /* ResponseObject.swift */; };
		D92CAC8F20F7A410008562E7 /* FieldOfficerAnnotationView.xib in Resources */ = {isa = PBXBuildFile; fileRef = D92CAC8E20F7A410008562E7 /* FieldOfficerAnnotationView.xib */; };
		D92EAB2820FB2A910078A284 /* ExpandingMenuItem.swift in Sources */ = {isa = PBXBuildFile; fileRef = D92EAB1F20FB2A910078A284 /* ExpandingMenuItem.swift */; };
		D92EAB2920FB2A910078A284 /* .gitkeep in Resources */ = {isa = PBXBuildFile; fileRef = D92EAB2020FB2A910078A284 /* .gitkeep */; };
		D92EAB2A20FB2A910078A284 /* ExpandingMenuButton.swift in Sources */ = {isa = PBXBuildFile; fileRef = D92EAB2120FB2A910078A284 /* ExpandingMenuButton.swift */; };
		D92EAB2B20FB2A910078A284 /* .gitkeep in Resources */ = {isa = PBXBuildFile; fileRef = D92EAB2320FB2A910078A284 /* .gitkeep */; };
		D92EAB2C20FB2A910078A284 /* selected.caf in Resources */ = {isa = PBXBuildFile; fileRef = D92EAB2520FB2A910078A284 /* selected.caf */; };
		D92EAB2D20FB2A910078A284 /* fold.caf in Resources */ = {isa = PBXBuildFile; fileRef = D92EAB2620FB2A910078A284 /* fold.caf */; };
		D92EAB2E20FB2A910078A284 /* expanding.caf in Resources */ = {isa = PBXBuildFile; fileRef = D92EAB2720FB2A910078A284 /* expanding.caf */; };
		D94E2D1B20FA427200483984 /* TutorialVC.swift in Sources */ = {isa = PBXBuildFile; fileRef = D94E2D1A20FA427200483984 /* TutorialVC.swift */; };
		D9B732E420EA8226006F0B19 /* AdministrationController.swift in Sources */ = {isa = PBXBuildFile; fileRef = D9B732E320EA8226006F0B19 /* AdministrationController.swift */; };
		D9CCEE6E21021EE700F8C26D /* official.mp3 in Resources */ = {isa = PBXBuildFile; fileRef = D9CCEE6D21021EE600F8C26D /* official.mp3 */; };
		D9F17B462103696D008D4D92 /* CitizenAnnotationView.xib in Resources */ = {isa = PBXBuildFile; fileRef = D9F17B452103696D008D4D92 /* CitizenAnnotationView.xib */; };
/* End PBXBuildFile section */

/* Begin PBXFileReference section */
		2C15668A2051CE0E00B4067C /* Checkbox.swift */ = {isa = PBXFileReference; fileEncoding = 4; lastKnownFileType = sourcecode.swift; path = Checkbox.swift; sourceTree = "<group>"; };
		2C1566942056A6F900B4067C /* SideMenu.swift */ = {isa = PBXFileReference; fileEncoding = 4; lastKnownFileType = sourcecode.swift; path = SideMenu.swift; sourceTree = "<group>"; };
		2C1566952056A6F900B4067C /* MenuCell.swift */ = {isa = PBXFileReference; fileEncoding = 4; lastKnownFileType = sourcecode.swift; path = MenuCell.swift; sourceTree = "<group>"; };
		2C1566962056A6F900B4067C /* MenuCell.xib */ = {isa = PBXFileReference; fileEncoding = 4; lastKnownFileType = file.xib; path = MenuCell.xib; sourceTree = "<group>"; };
		2C15669F2056A76D00B4067C /* DashboardController.swift */ = {isa = PBXFileReference; lastKnownFileType = sourcecode.swift; path = DashboardController.swift; sourceTree = "<group>"; };
		2C1566A12057DCA000B4067C /* MyProfile.swift */ = {isa = PBXFileReference; lastKnownFileType = sourcecode.swift; path = MyProfile.swift; sourceTree = "<group>"; };
		2C1566A32057DCC300B4067C /* MyReport.swift */ = {isa = PBXFileReference; lastKnownFileType = sourcecode.swift; path = MyReport.swift; sourceTree = "<group>"; };
		2C1566A72057DCF800B4067C /* AboutRideSafe.swift */ = {isa = PBXFileReference; lastKnownFileType = sourcecode.swift; path = AboutRideSafe.swift; sourceTree = "<group>"; };
		2C1566A92058013A00B4067C /* RideSafeViewController.swift */ = {isa = PBXFileReference; lastKnownFileType = sourcecode.swift; path = RideSafeViewController.swift; sourceTree = "<group>"; };
		2C1566AB2058238800B4067C /* RegistrationController.swift */ = {isa = PBXFileReference; lastKnownFileType = sourcecode.swift; path = RegistrationController.swift; sourceTree = "<group>"; };
		2C1566B020582F8D00B4067C /* DistrictList.swift */ = {isa = PBXFileReference; fileEncoding = 4; lastKnownFileType = sourcecode.swift; path = DistrictList.swift; sourceTree = "<group>"; };
		2C1566B620584B7400B4067C /* SwiftLoader.swift */ = {isa = PBXFileReference; fileEncoding = 4; lastKnownFileType = sourcecode.swift; path = SwiftLoader.swift; sourceTree = "<group>"; };
		2C1EE2AC204E5A440093B3BF /* JK RideSafe.app */ = {isa = PBXFileReference; explicitFileType = wrapper.application; includeInIndex = 0; path = "JK RideSafe.app"; sourceTree = BUILT_PRODUCTS_DIR; };
		2C1EE2AF204E5A440093B3BF /* AppDelegate.swift */ = {isa = PBXFileReference; lastKnownFileType = sourcecode.swift; path = AppDelegate.swift; sourceTree = "<group>"; };
		2C1EE2B4204E5A440093B3BF /* Base */ = {isa = PBXFileReference; lastKnownFileType = file.storyboard; name = Base; path = Base.lproj/Main.storyboard; sourceTree = "<group>"; };
		2C1EE2B6204E5A440093B3BF /* Assets.xcassets */ = {isa = PBXFileReference; lastKnownFileType = folder.assetcatalog; path = Assets.xcassets; sourceTree = "<group>"; };
		2C1EE2B9204E5A440093B3BF /* Base */ = {isa = PBXFileReference; lastKnownFileType = file.storyboard; name = Base; path = Base.lproj/LaunchScreen.storyboard; sourceTree = "<group>"; };
		2C1EE2BB204E5A440093B3BF /* Info.plist */ = {isa = PBXFileReference; lastKnownFileType = text.plist.xml; path = Info.plist; sourceTree = "<group>"; };
		2C1EE2D3204E6F3E0093B3BF /* Services.swift */ = {isa = PBXFileReference; fileEncoding = 4; lastKnownFileType = sourcecode.swift; path = Services.swift; sourceTree = "<group>"; };
		2C1EE2D4204E6F3E0093B3BF /* NetworkManager.swift */ = {isa = PBXFileReference; fileEncoding = 4; lastKnownFileType = sourcecode.swift; path = NetworkManager.swift; sourceTree = "<group>"; };
		2C1EE2D8204E6F460093B3BF /* LoginController.swift */ = {isa = PBXFileReference; fileEncoding = 4; lastKnownFileType = sourcecode.swift; path = LoginController.swift; sourceTree = "<group>"; };
		2C23660020677796000981A8 /* UpdateActionController.swift */ = {isa = PBXFileReference; lastKnownFileType = sourcecode.swift; path = UpdateActionController.swift; sourceTree = "<group>"; };
		2C2366062067793B000981A8 /* UpdateActionCell.swift */ = {isa = PBXFileReference; lastKnownFileType = sourcecode.swift; path = UpdateActionCell.swift; sourceTree = "<group>"; };
		2C2366072067793B000981A8 /* UpdateActionCell.xib */ = {isa = PBXFileReference; lastKnownFileType = file.xib; path = UpdateActionCell.xib; sourceTree = "<group>"; };
		2C27D16A20767E3600F23736 /* FOMyProfile.storyboard */ = {isa = PBXFileReference; lastKnownFileType = file.storyboard; path = FOMyProfile.storyboard; sourceTree = "<group>"; };
		2C27D16C20767E7300F23736 /* FOMyProfileController.swift */ = {isa = PBXFileReference; lastKnownFileType = sourcecode.swift; path = FOMyProfileController.swift; sourceTree = "<group>"; };
		2C3D5650205AD1CE008F9104 /* DropDown.storyboard */ = {isa = PBXFileReference; lastKnownFileType = file.storyboard; path = DropDown.storyboard; sourceTree = "<group>"; };
		2C3D5652205AD1E8008F9104 /* DropDownController.swift */ = {isa = PBXFileReference; lastKnownFileType = sourcecode.swift; path = DropDownController.swift; sourceTree = "<group>"; };
		2C3D5655205AD37B008F9104 /* VerifyOTPResponse.swift */ = {isa = PBXFileReference; fileEncoding = 4; lastKnownFileType = sourcecode.swift; path = VerifyOTPResponse.swift; sourceTree = "<group>"; };
		2C3D5656205AD37B008F9104 /* DrivingIssuesCategoryList.swift */ = {isa = PBXFileReference; fileEncoding = 4; lastKnownFileType = sourcecode.swift; path = DrivingIssuesCategoryList.swift; sourceTree = "<group>"; };
		2C3D5657205AD37B008F9104 /* DrivingIssueCategory.swift */ = {isa = PBXFileReference; fileEncoding = 4; lastKnownFileType = sourcecode.swift; path = DrivingIssueCategory.swift; sourceTree = "<group>"; };
		2C3D565C205D5FC0008F9104 /* CitizenProfile.swift */ = {isa = PBXFileReference; fileEncoding = 4; lastKnownFileType = sourcecode.swift; path = CitizenProfile.swift; sourceTree = "<group>"; };
		2C3D565D205D5FC0008F9104 /* Citizen.swift */ = {isa = PBXFileReference; fileEncoding = 4; lastKnownFileType = sourcecode.swift; path = Citizen.swift; sourceTree = "<group>"; };
		2C3D5660205D62CB008F9104 /* SharedSettings.swift */ = {isa = PBXFileReference; lastKnownFileType = sourcecode.swift; path = SharedSettings.swift; sourceTree = "<group>"; };
		2C4F940720768B6700BC5D31 /* FieldOfficial.swift */ = {isa = PBXFileReference; fileEncoding = 4; lastKnownFileType = sourcecode.swift; path = FieldOfficial.swift; sourceTree = "<group>"; };
		2C4F940820768B6700BC5D31 /* FieldOfficialProfileResponse.swift */ = {isa = PBXFileReference; fileEncoding = 4; lastKnownFileType = sourcecode.swift; path = FieldOfficialProfileResponse.swift; sourceTree = "<group>"; };
		2C4F94452078915300BC5D31 /* String+Extenstion.swift */ = {isa = PBXFileReference; lastKnownFileType = sourcecode.swift; path = "String+Extenstion.swift"; sourceTree = "<group>"; };
		2C4F944B2078A12B00BC5D31 /* ur-IN */ = {isa = PBXFileReference; lastKnownFileType = text.plist.strings; name = "ur-IN"; path = Localizable.strings; sourceTree = "<group>"; };
		2C4F944E2078A12B00BC5D31 /* en */ = {isa = PBXFileReference; lastKnownFileType = text.plist.strings; name = en; path = Localizable.strings; sourceTree = "<group>"; };
		2C4F94512078A12B00BC5D31 /* hi-IN */ = {isa = PBXFileReference; lastKnownFileType = text.plist.strings; name = "hi-IN"; path = Localizable.strings; sourceTree = "<group>"; };
		2C63FBEB2064023E00BE8691 /* CustomError.swift */ = {isa = PBXFileReference; lastKnownFileType = sourcecode.swift; path = CustomError.swift; sourceTree = "<group>"; };
		2C63FC102065493B00BE8691 /* FOMain.storyboard */ = {isa = PBXFileReference; lastKnownFileType = file.storyboard; path = FOMain.storyboard; sourceTree = "<group>"; };
		2C63FC122065495C00BE8691 /* FODashboardController.swift */ = {isa = PBXFileReference; lastKnownFileType = sourcecode.swift; path = FODashboardController.swift; sourceTree = "<group>"; };
		2C63FC1620657A9600BE8691 /* InfraIssueController.swift */ = {isa = PBXFileReference; lastKnownFileType = sourcecode.swift; path = InfraIssueController.swift; sourceTree = "<group>"; };
		2C63FC1820657AAB00BE8691 /* TransportController.swift */ = {isa = PBXFileReference; lastKnownFileType = sourcecode.swift; path = TransportController.swift; sourceTree = "<group>"; };
		2C63FC1A20657ABD00BE8691 /* PoliceController.swift */ = {isa = PBXFileReference; lastKnownFileType = sourcecode.swift; path = PoliceController.swift; sourceTree = "<group>"; };
		2C63FC1E20657D8900BE8691 /* EmbededContainerController.swift */ = {isa = PBXFileReference; lastKnownFileType = sourcecode.swift; path = EmbededContainerController.swift; sourceTree = "<group>"; };
		2C63FC20206583D600BE8691 /* EmptySegue.swift */ = {isa = PBXFileReference; lastKnownFileType = sourcecode.swift; path = EmptySegue.swift; sourceTree = "<group>"; };
		2C63FC22206590F900BE8691 /* DrivingIssueController.swift */ = {isa = PBXFileReference; lastKnownFileType = sourcecode.swift; path = DrivingIssueController.swift; sourceTree = "<group>"; };
		2C87E7B42066204F00CAD64C /* DrivingIssueForFieldOfficial.swift */ = {isa = PBXFileReference; fileEncoding = 4; lastKnownFileType = sourcecode.swift; path = DrivingIssueForFieldOfficial.swift; sourceTree = "<group>"; };
		2C87E7B52066204F00CAD64C /* DrivingIssueListForFieldOfficial.swift */ = {isa = PBXFileReference; fileEncoding = 4; lastKnownFileType = sourcecode.swift; path = DrivingIssueListForFieldOfficial.swift; sourceTree = "<group>"; };
		2C87E7B9206622B100CAD64C /* FODrivingIssueCell.swift */ = {isa = PBXFileReference; lastKnownFileType = sourcecode.swift; path = FODrivingIssueCell.swift; sourceTree = "<group>"; };
		2C87E7BB2066556D00CAD64C /* NoRecordView.swift */ = {isa = PBXFileReference; lastKnownFileType = sourcecode.swift; path = NoRecordView.swift; sourceTree = "<group>"; };
		2C87E7BD2066557D00CAD64C /* NoRecord.xib */ = {isa = PBXFileReference; lastKnownFileType = file.xib; path = NoRecord.xib; sourceTree = "<group>"; };
		2C87E7C520665B4400CAD64C /* InfraIssuesListForFieldOfficer.swift */ = {isa = PBXFileReference; fileEncoding = 4; lastKnownFileType = sourcecode.swift; path = InfraIssuesListForFieldOfficer.swift; sourceTree = "<group>"; };
		2C87E7C620665B4400CAD64C /* InfraIssuesForFieldOfficer.swift */ = {isa = PBXFileReference; fileEncoding = 4; lastKnownFileType = sourcecode.swift; path = InfraIssuesForFieldOfficer.swift; sourceTree = "<group>"; };
		2C87E7C92066654C00CAD64C /* FOContactCell.swift */ = {isa = PBXFileReference; lastKnownFileType = sourcecode.swift; path = FOContactCell.swift; sourceTree = "<group>"; };
		2C87E7CA2066654C00CAD64C /* FOContactCell.xib */ = {isa = PBXFileReference; lastKnownFileType = file.xib; path = FOContactCell.xib; sourceTree = "<group>"; };
		2C87E7D32066694A00CAD64C /* FieldOfficerList.swift */ = {isa = PBXFileReference; fileEncoding = 4; lastKnownFileType = sourcecode.swift; path = FieldOfficerList.swift; sourceTree = "<group>"; };
		2C87E7D42066694A00CAD64C /* FieldOfficer.swift */ = {isa = PBXFileReference; fileEncoding = 4; lastKnownFileType = sourcecode.swift; path = FieldOfficer.swift; sourceTree = "<group>"; };
		2CB05AED207491FD006C547E /* Poppins-SemiBold.ttf */ = {isa = PBXFileReference; lastKnownFileType = file; path = "Poppins-SemiBold.ttf"; sourceTree = "<group>"; };
		2CB05AEE207491FE006C547E /* Poppins-Regular.ttf */ = {isa = PBXFileReference; lastKnownFileType = file; path = "Poppins-Regular.ttf"; sourceTree = "<group>"; };
		2CB05AEF207491FE006C547E /* Poppins-Medium.ttf */ = {isa = PBXFileReference; lastKnownFileType = file; path = "Poppins-Medium.ttf"; sourceTree = "<group>"; };
		2CC96A2F207A947F00B7AAFD /* FuturaStd-Heavy.otf */ = {isa = PBXFileReference; lastKnownFileType = file; path = "FuturaStd-Heavy.otf"; sourceTree = "<group>"; };
		2CC96A30207A947F00B7AAFD /* futuram_C.ttf */ = {isa = PBXFileReference; lastKnownFileType = file; path = futuram_C.ttf; sourceTree = "<group>"; };
		2CC96A34207A965800B7AAFD /* futura-regular.ttf */ = {isa = PBXFileReference; lastKnownFileType = file; path = "futura-regular.ttf"; sourceTree = "<group>"; };
		2CE630C6209B5F4F00E1C4F7 /* GoogleService-Info.plist */ = {isa = PBXFileReference; fileEncoding = 4; lastKnownFileType = text.plist.xml; path = "GoogleService-Info.plist"; sourceTree = "<group>"; };
		2CF24341205E7880007E696C /* SettingController.swift */ = {isa = PBXFileReference; lastKnownFileType = sourcecode.swift; path = SettingController.swift; sourceTree = "<group>"; };
		2CF24345205E7B5D007E696C /* LanguageCell.swift */ = {isa = PBXFileReference; lastKnownFileType = sourcecode.swift; path = LanguageCell.swift; sourceTree = "<group>"; };
		2CF24359205EC80A007E696C /* WelcomeAlertController.swift */ = {isa = PBXFileReference; lastKnownFileType = sourcecode.swift; path = WelcomeAlertController.swift; sourceTree = "<group>"; };
		2CF2435B205EC81F007E696C /* WelcomeAlert.storyboard */ = {isa = PBXFileReference; lastKnownFileType = file.storyboard; path = WelcomeAlert.storyboard; sourceTree = "<group>"; };
		2CF2435D20600242007E696C /* AppConstants.swift */ = {isa = PBXFileReference; lastKnownFileType = sourcecode.swift; path = AppConstants.swift; sourceTree = "<group>"; };
		2CF2435F206010B6007E696C /* RideSafeNavigationController.swift */ = {isa = PBXFileReference; lastKnownFileType = sourcecode.swift; path = RideSafeNavigationController.swift; sourceTree = "<group>"; };
		2CF2436A206031A1007E696C /* RegisterCitizenPushNotificationResponse.swift */ = {isa = PBXFileReference; fileEncoding = 4; lastKnownFileType = sourcecode.swift; path = RegisterCitizenPushNotificationResponse.swift; sourceTree = "<group>"; };
		2CF2436B206031A2007E696C /* RegisterCitizenPushNotification.swift */ = {isa = PBXFileReference; fileEncoding = 4; lastKnownFileType = sourcecode.swift; path = RegisterCitizenPushNotification.swift; sourceTree = "<group>"; };
		2CF2436F2062B126007E696C /* Extension+UITextView.swift */ = {isa = PBXFileReference; lastKnownFileType = sourcecode.swift; path = "Extension+UITextView.swift"; sourceTree = "<group>"; };
		2CF7E57A2087DC2B00BE4D84 /* IssueStatusTableVC.swift */ = {isa = PBXFileReference; lastKnownFileType = sourcecode.swift; path = IssueStatusTableVC.swift; sourceTree = "<group>"; };
		2CF7E57C2087DFE300BE4D84 /* IssueStatusTableViewCell.swift */ = {isa = PBXFileReference; lastKnownFileType = sourcecode.swift; path = IssueStatusTableViewCell.swift; sourceTree = "<group>"; };
		2CF7E5802089166000BE4D84 /* ActionListItem.swift */ = {isa = PBXFileReference; fileEncoding = 4; lastKnownFileType = sourcecode.swift; path = ActionListItem.swift; sourceTree = "<group>"; };
		2CF7E586208BC27900BE4D84 /* UIViewController+Extention.swift */ = {isa = PBXFileReference; lastKnownFileType = sourcecode.swift; path = "UIViewController+Extention.swift"; sourceTree = "<group>"; };
		2CFCDA2020832170007C9C99 /* RatingController.swift */ = {isa = PBXFileReference; lastKnownFileType = sourcecode.swift; path = RatingController.swift; sourceTree = "<group>"; };
		3011A8E533982EC002C94872 /* Pods_JK_RideSafe.framework */ = {isa = PBXFileReference; explicitFileType = wrapper.framework; includeInIndex = 0; path = Pods_JK_RideSafe.framework; sourceTree = BUILT_PRODUCTS_DIR; };
		7DE333A7AC5A2B1EC681D6E7 /* Pods-JK RideSafe.debug.xcconfig */ = {isa = PBXFileReference; includeInIndex = 1; lastKnownFileType = text.xcconfig; name = "Pods-JK RideSafe.debug.xcconfig"; path = "Pods/Target Support Files/Pods-JK RideSafe/Pods-JK RideSafe.debug.xcconfig"; sourceTree = "<group>"; };
		B803CD992065E15600475AB9 /* MyRoadInfraIssueResponse.swift */ = {isa = PBXFileReference; fileEncoding = 4; lastKnownFileType = sourcecode.swift; path = MyRoadInfraIssueResponse.swift; sourceTree = "<group>"; };
		B803CD9A2065E15600475AB9 /* MyRoadInfraIssue.swift */ = {isa = PBXFileReference; fileEncoding = 4; lastKnownFileType = sourcecode.swift; path = MyRoadInfraIssue.swift; sourceTree = "<group>"; };
		B811FE1F205F5183005F327B /* RoadInfraIssue.storyboard */ = {isa = PBXFileReference; lastKnownFileType = file.storyboard; path = RoadInfraIssue.storyboard; sourceTree = "<group>"; };
		B811FE21205F519A005F327B /* RoadInfraIssueViewController.swift */ = {isa = PBXFileReference; lastKnownFileType = sourcecode.swift; path = RoadInfraIssueViewController.swift; sourceTree = "<group>"; };
		B813A3FB206175A600A1B6F5 /* EmergencyConacts.swift */ = {isa = PBXFileReference; fileEncoding = 4; lastKnownFileType = sourcecode.swift; path = EmergencyConacts.swift; sourceTree = "<group>"; };
		B813A3FC206175A600A1B6F5 /* EmergencyContactResponce.swift */ = {isa = PBXFileReference; fileEncoding = 4; lastKnownFileType = sourcecode.swift; path = EmergencyContactResponce.swift; sourceTree = "<group>"; };
		B81A18CF206353C1001701F4 /* RoadinfraIssueResponse.swift */ = {isa = PBXFileReference; fileEncoding = 4; lastKnownFileType = sourcecode.swift; path = RoadinfraIssueResponse.swift; sourceTree = "<group>"; };
		B81A18D0206353C1001701F4 /* RoadInfraIssue.swift */ = {isa = PBXFileReference; fileEncoding = 4; lastKnownFileType = sourcecode.swift; path = RoadInfraIssue.swift; sourceTree = "<group>"; };
		B821B2A3205CC22E007D1F32 /* VideoTableViewCell.swift */ = {isa = PBXFileReference; lastKnownFileType = sourcecode.swift; path = VideoTableViewCell.swift; sourceTree = "<group>"; };
		B821B2A4205CC22E007D1F32 /* VideoTableViewCell.xib */ = {isa = PBXFileReference; lastKnownFileType = file.xib; path = VideoTableViewCell.xib; sourceTree = "<group>"; };
		B821B2A7205CC23E007D1F32 /* PDFTableViewCell.swift */ = {isa = PBXFileReference; lastKnownFileType = sourcecode.swift; path = PDFTableViewCell.swift; sourceTree = "<group>"; };
		B821B2A8205CC23E007D1F32 /* PDFTableViewCell.xib */ = {isa = PBXFileReference; lastKnownFileType = file.xib; path = PDFTableViewCell.xib; sourceTree = "<group>"; };
		B821B2AB205CC260007D1F32 /* YoutubeVideoViewController.swift */ = {isa = PBXFileReference; lastKnownFileType = sourcecode.swift; path = YoutubeVideoViewController.swift; sourceTree = "<group>"; };
		B821B2AD205CD8F7007D1F32 /* OpenPdfViewController.swift */ = {isa = PBXFileReference; lastKnownFileType = sourcecode.swift; path = OpenPdfViewController.swift; sourceTree = "<group>"; };
		B841ED0B205D920B00ACFF0E /* HelpLineTableViewCell.swift */ = {isa = PBXFileReference; lastKnownFileType = sourcecode.swift; path = HelpLineTableViewCell.swift; sourceTree = "<group>"; };
		B841ED0E205D9ACA00ACFF0E /* DirectoryResponse.swift */ = {isa = PBXFileReference; fileEncoding = 4; lastKnownFileType = sourcecode.swift; path = DirectoryResponse.swift; sourceTree = "<group>"; };
		B841ED0F205D9ACA00ACFF0E /* Directory.swift */ = {isa = PBXFileReference; fileEncoding = 4; lastKnownFileType = sourcecode.swift; path = Directory.swift; sourceTree = "<group>"; };
		B84DB416205E32710000A256 /* EmergencyContact.storyboard */ = {isa = PBXFileReference; lastKnownFileType = file.storyboard; path = EmergencyContact.storyboard; sourceTree = "<group>"; };
		B84DB418205E328D0000A256 /* EmergencyContactViewController.swift */ = {isa = PBXFileReference; lastKnownFileType = sourcecode.swift; path = EmergencyContactViewController.swift; sourceTree = "<group>"; };
		B85BB357208ACB8400FE3C79 /* ShareLiveLocation.swift */ = {isa = PBXFileReference; lastKnownFileType = sourcecode.swift; path = ShareLiveLocation.swift; sourceTree = "<group>"; };
		B865FFE6207DE18900B675F3 /* Notification.storyboard */ = {isa = PBXFileReference; lastKnownFileType = file.storyboard; path = Notification.storyboard; sourceTree = "<group>"; };
		B865FFE8207DE1A100B675F3 /* NotificationViewController.swift */ = {isa = PBXFileReference; lastKnownFileType = sourcecode.swift; path = NotificationViewController.swift; sourceTree = "<group>"; };
		B865FFEA207DE56700B675F3 /* NotificationTableViewCell.swift */ = {isa = PBXFileReference; lastKnownFileType = sourcecode.swift; path = NotificationTableViewCell.swift; sourceTree = "<group>"; };
		B865FFED207DE91300B675F3 /* NotificationResponse.swift */ = {isa = PBXFileReference; fileEncoding = 4; lastKnownFileType = sourcecode.swift; path = NotificationResponse.swift; sourceTree = "<group>"; };
		B865FFEF207DE91C00B675F3 /* Notification.swift */ = {isa = PBXFileReference; fileEncoding = 4; lastKnownFileType = sourcecode.swift; path = Notification.swift; sourceTree = "<group>"; };
		B86F32EC205D108B00A6A975 /* MediaResponse.swift */ = {isa = PBXFileReference; fileEncoding = 4; lastKnownFileType = sourcecode.swift; path = MediaResponse.swift; sourceTree = "<group>"; };
		B86F32ED205D108C00A6A975 /* Media.swift */ = {isa = PBXFileReference; fileEncoding = 4; lastKnownFileType = sourcecode.swift; path = Media.swift; sourceTree = "<group>"; };
		B870129420982FE70091278F /* DrivingCaseLocationList.swift */ = {isa = PBXFileReference; fileEncoding = 4; lastKnownFileType = sourcecode.swift; path = DrivingCaseLocationList.swift; sourceTree = "<group>"; };
		B8AFD872205AD1F20044A608 /* Education.storyboard */ = {isa = PBXFileReference; fileEncoding = 4; lastKnownFileType = file.storyboard; path = Education.storyboard; sourceTree = "<group>"; };
		B8AFD873205AD1F20044A608 /* EducationContainerViewController.swift */ = {isa = PBXFileReference; fileEncoding = 4; lastKnownFileType = sourcecode.swift; path = EducationContainerViewController.swift; sourceTree = "<group>"; };
		B8AFD874205AD1F20044A608 /* EducationPDFViewController.swift */ = {isa = PBXFileReference; fileEncoding = 4; lastKnownFileType = sourcecode.swift; path = EducationPDFViewController.swift; sourceTree = "<group>"; };
		B8AFD875205AD1F20044A608 /* EducationVideoViewController.swift */ = {isa = PBXFileReference; fileEncoding = 4; lastKnownFileType = sourcecode.swift; path = EducationVideoViewController.swift; sourceTree = "<group>"; };
		B8AFD87B205AD23E0044A608 /* HelpLine.storyboard */ = {isa = PBXFileReference; lastKnownFileType = file.storyboard; path = HelpLine.storyboard; sourceTree = "<group>"; };
		B8AFD87D205AD2770044A608 /* HelpLineContainerViewController.swift */ = {isa = PBXFileReference; lastKnownFileType = sourcecode.swift; path = HelpLineContainerViewController.swift; sourceTree = "<group>"; };
		B8AFDA6A205ADB350044A608 /* HelplineAdministrationViewController.swift */ = {isa = PBXFileReference; lastKnownFileType = sourcecode.swift; path = HelplineAdministrationViewController.swift; sourceTree = "<group>"; };
		B8C4F2722065561B00587E55 /* ReportsContainerViewController.swift */ = {isa = PBXFileReference; lastKnownFileType = sourcecode.swift; path = ReportsContainerViewController.swift; sourceTree = "<group>"; };
		B8C4F2742065563500587E55 /* Reports.storyboard */ = {isa = PBXFileReference; lastKnownFileType = file.storyboard; path = Reports.storyboard; sourceTree = "<group>"; };
		B8C4F276206556AB00587E55 /* UnsafeDrivingIssueListViewController.swift */ = {isa = PBXFileReference; lastKnownFileType = sourcecode.swift; path = UnsafeDrivingIssueListViewController.swift; sourceTree = "<group>"; };
		B8C4F27A2065571E00587E55 /* RoadInfraIssueListViewController.swift */ = {isa = PBXFileReference; lastKnownFileType = sourcecode.swift; path = RoadInfraIssueListViewController.swift; sourceTree = "<group>"; };
		B8C4F27C2065574600587E55 /* ReportTableViewCell.swift */ = {isa = PBXFileReference; lastKnownFileType = sourcecode.swift; path = ReportTableViewCell.swift; sourceTree = "<group>"; };
		B8C4F27D2065574600587E55 /* ReportTableViewCell.xib */ = {isa = PBXFileReference; lastKnownFileType = file.xib; path = ReportTableViewCell.xib; sourceTree = "<group>"; };
		B8C4F281206579D300587E55 /* MyDrivingIssueReport.swift */ = {isa = PBXFileReference; fileEncoding = 4; lastKnownFileType = sourcecode.swift; path = MyDrivingIssueReport.swift; sourceTree = "<group>"; };
		B8C4F282206579D300587E55 /* MyDrivingIssueReportResponse.swift */ = {isa = PBXFileReference; fileEncoding = 4; lastKnownFileType = sourcecode.swift; path = MyDrivingIssueReportResponse.swift; sourceTree = "<group>"; };
		B8ED77072095C97A00CA603A /* DistrictResponse.swift */ = {isa = PBXFileReference; fileEncoding = 4; lastKnownFileType = sourcecode.swift; path = DistrictResponse.swift; sourceTree = "<group>"; };
		B8ED77082095C97B00CA603A /* District.swift */ = {isa = PBXFileReference; fileEncoding = 4; lastKnownFileType = sourcecode.swift; path = District.swift; sourceTree = "<group>"; };
		B8FBC51F206775FC00380A41 /* IssueMapViewController.swift */ = {isa = PBXFileReference; lastKnownFileType = sourcecode.swift; path = IssueMapViewController.swift; sourceTree = "<group>"; };
		D92CAC7520F667A1008562E7 /* DrivingIssueMapVC.swift */ = {isa = PBXFileReference; lastKnownFileType = sourcecode.swift; path = DrivingIssueMapVC.swift; sourceTree = "<group>"; };
		D92CAC8620F78C2D008562E7 /* FieldOfficialList.swift */ = {isa = PBXFileReference; fileEncoding = 4; lastKnownFileType = sourcecode.swift; path = FieldOfficialList.swift; sourceTree = "<group>"; };
		D92CAC8820F78C2E008562E7 /* DrivingCaseLocationForAppResponse.swift */ = {isa = PBXFileReference; fileEncoding = 4; lastKnownFileType = sourcecode.swift; path = DrivingCaseLocationForAppResponse.swift; sourceTree = "<group>"; };
		D92CAC8920F78C2E008562E7 /* ResponseObject.swift */ = {isa = PBXFileReference; fileEncoding = 4; lastKnownFileType = sourcecode.swift; path = ResponseObject.swift; sourceTree = "<group>"; };
		D92CAC8E20F7A410008562E7 /* FieldOfficerAnnotationView.xib */ = {isa = PBXFileReference; lastKnownFileType = file.xib; path = FieldOfficerAnnotationView.xib; sourceTree = "<group>"; };
		D92EAB1F20FB2A910078A284 /* ExpandingMenuItem.swift */ = {isa = PBXFileReference; fileEncoding = 4; lastKnownFileType = sourcecode.swift; path = ExpandingMenuItem.swift; sourceTree = "<group>"; };
		D92EAB2020FB2A910078A284 /* .gitkeep */ = {isa = PBXFileReference; fileEncoding = 4; lastKnownFileType = text; path = .gitkeep; sourceTree = "<group>"; };
		D92EAB2120FB2A910078A284 /* ExpandingMenuButton.swift */ = {isa = PBXFileReference; fileEncoding = 4; lastKnownFileType = sourcecode.swift; path = ExpandingMenuButton.swift; sourceTree = "<group>"; };
		D92EAB2320FB2A910078A284 /* .gitkeep */ = {isa = PBXFileReference; fileEncoding = 4; lastKnownFileType = text; path = .gitkeep; sourceTree = "<group>"; };
		D92EAB2520FB2A910078A284 /* selected.caf */ = {isa = PBXFileReference; lastKnownFileType = file; path = selected.caf; sourceTree = "<group>"; };
		D92EAB2620FB2A910078A284 /* fold.caf */ = {isa = PBXFileReference; lastKnownFileType = file; path = fold.caf; sourceTree = "<group>"; };
		D92EAB2720FB2A910078A284 /* expanding.caf */ = {isa = PBXFileReference; lastKnownFileType = file; path = expanding.caf; sourceTree = "<group>"; };
		D94E2D1A20FA427200483984 /* TutorialVC.swift */ = {isa = PBXFileReference; lastKnownFileType = sourcecode.swift; path = TutorialVC.swift; sourceTree = "<group>"; };
		D9B732E320EA8226006F0B19 /* AdministrationController.swift */ = {isa = PBXFileReference; lastKnownFileType = sourcecode.swift; path = AdministrationController.swift; sourceTree = "<group>"; };
		D9C74C9D20FFA260006FEB8E /* JK RideSafe.entitlements */ = {isa = PBXFileReference; lastKnownFileType = text.plist.entitlements; path = "JK RideSafe.entitlements"; sourceTree = "<group>"; };
		D9CCEE6D21021EE600F8C26D /* official.mp3 */ = {isa = PBXFileReference; lastKnownFileType = audio.mp3; path = official.mp3; sourceTree = "<group>"; };
		D9F17B452103696D008D4D92 /* CitizenAnnotationView.xib */ = {isa = PBXFileReference; lastKnownFileType = file.xib; path = CitizenAnnotationView.xib; sourceTree = "<group>"; };
		EBA50EE64359DEC9A8C9ADF3 /* Pods-JK RideSafe.release.xcconfig */ = {isa = PBXFileReference; includeInIndex = 1; lastKnownFileType = text.xcconfig; name = "Pods-JK RideSafe.release.xcconfig"; path = "Pods/Target Support Files/Pods-JK RideSafe/Pods-JK RideSafe.release.xcconfig"; sourceTree = "<group>"; };
/* End PBXFileReference section */

/* Begin PBXFrameworksBuildPhase section */
		2C1EE2A9204E5A440093B3BF /* Frameworks */ = {
			isa = PBXFrameworksBuildPhase;
			buildActionMask = 2147483647;
			files = (
				91A69E4A101E31E129D8E7DA /* Pods_JK_RideSafe.framework in Frameworks */,
			);
			runOnlyForDeploymentPostprocessing = 0;
		};
/* End PBXFrameworksBuildPhase section */

/* Begin PBXGroup section */
		09B9843564E829FFDA27C580 /* Pods */ = {
			isa = PBXGroup;
			children = (
				7DE333A7AC5A2B1EC681D6E7 /* Pods-JK RideSafe.debug.xcconfig */,
				EBA50EE64359DEC9A8C9ADF3 /* Pods-JK RideSafe.release.xcconfig */,
			);
			name = Pods;
			sourceTree = "<group>";
		};
		2C1566892051CDE000B4067C /* Custom UI */ = {
			isa = PBXGroup;
			children = (
				2C1566B620584B7400B4067C /* SwiftLoader.swift */,
				2C15668A2051CE0E00B4067C /* Checkbox.swift */,
				2C3D5650205AD1CE008F9104 /* DropDown.storyboard */,
				2C3D5652205AD1E8008F9104 /* DropDownController.swift */,
				D92EAB1D20FB2A910078A284 /* ExpandingMenu */,
			);
			path = "Custom UI";
			sourceTree = "<group>";
		};
		2C1566932056A6F900B4067C /* SideSlider */ = {
			isa = PBXGroup;
			children = (
				2C1566942056A6F900B4067C /* SideMenu.swift */,
				2C1566952056A6F900B4067C /* MenuCell.swift */,
				2C1566962056A6F900B4067C /* MenuCell.xib */,
			);
			path = SideSlider;
			sourceTree = "<group>";
		};
		2C1566AD20582F8D00B4067C /* DistrictList */ = {
			isa = PBXGroup;
			children = (
				B8ED77072095C97A00CA603A /* DistrictResponse.swift */,
				B8ED77082095C97B00CA603A /* District.swift */,
				2C1566B020582F8D00B4067C /* DistrictList.swift */,
			);
			path = DistrictList;
			sourceTree = "<group>";
		};
		2C1EE2A3204E5A440093B3BF = {
			isa = PBXGroup;
			children = (
				D9C74C9D20FFA260006FEB8E /* JK RideSafe.entitlements */,
				2CF7E585208BC21A00BE4D84 /* Extentions */,
				2C1566892051CDE000B4067C /* Custom UI */,
				2C1EE2AE204E5A440093B3BF /* RideSafe */,
				2CB05AEC207491DD006C547E /* Resources */,
				2C1EE2AD204E5A440093B3BF /* Products */,
				09B9843564E829FFDA27C580 /* Pods */,
				8466DFB9820459677EFEA6B8 /* Frameworks */,
			);
			sourceTree = "<group>";
		};
		2C1EE2AD204E5A440093B3BF /* Products */ = {
			isa = PBXGroup;
			children = (
				2C1EE2AC204E5A440093B3BF /* JK RideSafe.app */,
			);
			name = Products;
			sourceTree = "<group>";
		};
		2C1EE2AE204E5A440093B3BF /* RideSafe */ = {
			isa = PBXGroup;
			children = (
				2CFCDA1F2083214D007C9C99 /* Rating */,
				B865FFE3207DE14600B675F3 /* Notification */,
				B8C4F2712065340000587E55 /* Reports */,
				2C63FC0F2065491E00BE8691 /* FieldOfficer */,
				B811FE1E205F5052005F327B /* RoadInfraIssue */,
				2CF24344205E7B33007E696C /* Views */,
				B84DB415205E32390000A256 /* EmergencyContact */,
				B8AFD87A205AD2270044A608 /* HelpLine */,
				B8AFD871205AD1F20044A608 /* Education */,
				2C1566932056A6F900B4067C /* SideSlider */,
				2C1EE2D7204E6F460093B3BF /* Controller */,
				2C1EE2D2204E6F3E0093B3BF /* Network */,
				2C1EE2CF204E6F040093B3BF /* Model */,
				2C1EE2AF204E5A440093B3BF /* AppDelegate.swift */,
				2C1EE2B3204E5A440093B3BF /* Main.storyboard */,
				2C1EE2B6204E5A440093B3BF /* Assets.xcassets */,
				2C1EE2B8204E5A440093B3BF /* LaunchScreen.storyboard */,
				2C1EE2BB204E5A440093B3BF /* Info.plist */,
				2CE630C6209B5F4F00E1C4F7 /* GoogleService-Info.plist */,
				2CF2435D20600242007E696C /* AppConstants.swift */,
			);
			path = RideSafe;
			sourceTree = "<group>";
		};
		2C1EE2CF204E6F040093B3BF /* Model */ = {
			isa = PBXGroup;
			children = (
				D92CAC7D20F78B4E008562E7 /* DrivingCaseLocation */,
				B865FFEC207DE8E100B675F3 /* Notification */,
				2C4F940620768B6700BC5D31 /* FieldOfficialProfile */,
				2C87E7D22066694A00CAD64C /* FieldOfficerListresponse */,
				2C87E7C420665B4400CAD64C /* FOInfraIssues */,
				2C87E7B32066204F00CAD64C /* FODrivingIssues */,
				B8C4F2802065791D00587E55 /* MyReport */,
				B81A18CE2063539A001701F4 /* RoadInfra */,
				B813A3FA2061756900A1B6F5 /* EmergencyContact */,
				2CF2436820603190007E696C /* registerCitizenPushNotification */,
				B841ED0D205D9ACA00ACFF0E /* HelpLine */,
				2C3D565B205D5FC0008F9104 /* getProfile */,
				B821B2AF205D0C9B007D1F32 /* Education */,
				2C3D5654205AD37B008F9104 /* VerifyOTP */,
				2C1566AD20582F8D00B4067C /* DistrictList */,
				2C63FBEB2064023E00BE8691 /* CustomError.swift */,
			);
			path = Model;
			sourceTree = "<group>";
		};
		2C1EE2D2204E6F3E0093B3BF /* Network */ = {
			isa = PBXGroup;
			children = (
				2C1EE2D3204E6F3E0093B3BF /* Services.swift */,
				2C1EE2D4204E6F3E0093B3BF /* NetworkManager.swift */,
				2C3D5660205D62CB008F9104 /* SharedSettings.swift */,
			);
			path = Network;
			sourceTree = "<group>";
		};
		2C1EE2D7204E6F460093B3BF /* Controller */ = {
			isa = PBXGroup;
			children = (
				2C1EE2D8204E6F460093B3BF /* LoginController.swift */,
				2C15669F2056A76D00B4067C /* DashboardController.swift */,
				2C1566A12057DCA000B4067C /* MyProfile.swift */,
				2C1566A32057DCC300B4067C /* MyReport.swift */,
				2C1566A72057DCF800B4067C /* AboutRideSafe.swift */,
				2C1566A92058013A00B4067C /* RideSafeViewController.swift */,
				2C1566AB2058238800B4067C /* RegistrationController.swift */,
				2CF24341205E7880007E696C /* SettingController.swift */,
				2CF2435F206010B6007E696C /* RideSafeNavigationController.swift */,
				D94E2D1A20FA427200483984 /* TutorialVC.swift */,
			);
			path = Controller;
			sourceTree = "<group>";
		};
		2C3D5654205AD37B008F9104 /* VerifyOTP */ = {
			isa = PBXGroup;
			children = (
				2C3D5655205AD37B008F9104 /* VerifyOTPResponse.swift */,
				2C3D5656205AD37B008F9104 /* DrivingIssuesCategoryList.swift */,
				2C3D5657205AD37B008F9104 /* DrivingIssueCategory.swift */,
			);
			path = VerifyOTP;
			sourceTree = "<group>";
		};
		2C3D565B205D5FC0008F9104 /* getProfile */ = {
			isa = PBXGroup;
			children = (
				2C3D565C205D5FC0008F9104 /* CitizenProfile.swift */,
				2C3D565D205D5FC0008F9104 /* Citizen.swift */,
			);
			path = getProfile;
			sourceTree = "<group>";
		};
		2C4F940620768B6700BC5D31 /* FieldOfficialProfile */ = {
			isa = PBXGroup;
			children = (
				2C4F940720768B6700BC5D31 /* FieldOfficial.swift */,
				2C4F940820768B6700BC5D31 /* FieldOfficialProfileResponse.swift */,
			);
			path = FieldOfficialProfile;
			sourceTree = "<group>";
		};
		2C4F94492078A12B00BC5D31 /* U.lproj */ = {
			isa = PBXGroup;
			children = (
				2C4F944A2078A12B00BC5D31 /* Localizable.strings */,
			);
			path = U.lproj;
			sourceTree = "<group>";
		};
		2C4F944C2078A12B00BC5D31 /* E.lproj */ = {
			isa = PBXGroup;
			children = (
				2C4F944D2078A12B00BC5D31 /* Localizable.strings */,
			);
			path = E.lproj;
			sourceTree = "<group>";
		};
		2C4F944F2078A12B00BC5D31 /* H.lproj */ = {
			isa = PBXGroup;
			children = (
				2C4F94502078A12B00BC5D31 /* Localizable.strings */,
			);
			path = H.lproj;
			sourceTree = "<group>";
		};
		2C63FC0F2065491E00BE8691 /* FieldOfficer */ = {
			isa = PBXGroup;
			children = (
				2C87E7B82066226600CAD64C /* FOViews */,
				2C63FC102065493B00BE8691 /* FOMain.storyboard */,
				2C63FC122065495C00BE8691 /* FODashboardController.swift */,
				2C63FC1E20657D8900BE8691 /* EmbededContainerController.swift */,
				2C63FC1620657A9600BE8691 /* InfraIssueController.swift */,
				2C63FC1820657AAB00BE8691 /* TransportController.swift */,
				2C63FC1A20657ABD00BE8691 /* PoliceController.swift */,
				D9B732E320EA8226006F0B19 /* AdministrationController.swift */,
				2C63FC20206583D600BE8691 /* EmptySegue.swift */,
				2C63FC22206590F900BE8691 /* DrivingIssueController.swift */,
				2C27D16C20767E7300F23736 /* FOMyProfileController.swift */,
				2C23660020677796000981A8 /* UpdateActionController.swift */,
				D92CAC7520F667A1008562E7 /* DrivingIssueMapVC.swift */,
				D92CAC8E20F7A410008562E7 /* FieldOfficerAnnotationView.xib */,
				D9F17B452103696D008D4D92 /* CitizenAnnotationView.xib */,
			);
			path = FieldOfficer;
			sourceTree = "<group>";
		};
		2C87E7B32066204F00CAD64C /* FODrivingIssues */ = {
			isa = PBXGroup;
			children = (
				B870129420982FE70091278F /* DrivingCaseLocationList.swift */,
				2C87E7B42066204F00CAD64C /* DrivingIssueForFieldOfficial.swift */,
				2C87E7B52066204F00CAD64C /* DrivingIssueListForFieldOfficial.swift */,
			);
			path = FODrivingIssues;
			sourceTree = "<group>";
		};
		2C87E7B82066226600CAD64C /* FOViews */ = {
			isa = PBXGroup;
			children = (
				2C87E7B9206622B100CAD64C /* FODrivingIssueCell.swift */,
				2C87E7BB2066556D00CAD64C /* NoRecordView.swift */,
				2C87E7BD2066557D00CAD64C /* NoRecord.xib */,
				2C87E7C92066654C00CAD64C /* FOContactCell.swift */,
				2C87E7CA2066654C00CAD64C /* FOContactCell.xib */,
				2C2366062067793B000981A8 /* UpdateActionCell.swift */,
				2C2366072067793B000981A8 /* UpdateActionCell.xib */,
				2C27D16A20767E3600F23736 /* FOMyProfile.storyboard */,
			);
			path = FOViews;
			sourceTree = "<group>";
		};
		2C87E7C420665B4400CAD64C /* FOInfraIssues */ = {
			isa = PBXGroup;
			children = (
				2C87E7C520665B4400CAD64C /* InfraIssuesListForFieldOfficer.swift */,
				2C87E7C620665B4400CAD64C /* InfraIssuesForFieldOfficer.swift */,
			);
			path = FOInfraIssues;
			sourceTree = "<group>";
		};
		2C87E7D22066694A00CAD64C /* FieldOfficerListresponse */ = {
			isa = PBXGroup;
			children = (
				2C87E7D32066694A00CAD64C /* FieldOfficerList.swift */,
				2C87E7D42066694A00CAD64C /* FieldOfficer.swift */,
			);
			path = FieldOfficerListresponse;
			sourceTree = "<group>";
		};
		2CB05AEC207491DD006C547E /* Resources */ = {
			isa = PBXGroup;
			children = (
				D9CCEE6D21021EE600F8C26D /* official.mp3 */,
				2CC96A34207A965800B7AAFD /* futura-regular.ttf */,
				2CC96A30207A947F00B7AAFD /* futuram_C.ttf */,
				2CC96A2F207A947F00B7AAFD /* FuturaStd-Heavy.otf */,
				2C4F944C2078A12B00BC5D31 /* E.lproj */,
				2C4F944F2078A12B00BC5D31 /* H.lproj */,
				2C4F94492078A12B00BC5D31 /* U.lproj */,
				2CB05AEF207491FE006C547E /* Poppins-Medium.ttf */,
				2CB05AEE207491FE006C547E /* Poppins-Regular.ttf */,
				2CB05AED207491FD006C547E /* Poppins-SemiBold.ttf */,
			);
			path = Resources;
			sourceTree = "<group>";
		};
		2CF24344205E7B33007E696C /* Views */ = {
			isa = PBXGroup;
			children = (
				2CF24345205E7B5D007E696C /* LanguageCell.swift */,
				2CF24359205EC80A007E696C /* WelcomeAlertController.swift */,
				2CF2435B205EC81F007E696C /* WelcomeAlert.storyboard */,
			);
			path = Views;
			sourceTree = "<group>";
		};
		2CF2436820603190007E696C /* registerCitizenPushNotification */ = {
			isa = PBXGroup;
			children = (
				2CF2436B206031A2007E696C /* RegisterCitizenPushNotification.swift */,
				2CF2436A206031A1007E696C /* RegisterCitizenPushNotificationResponse.swift */,
			);
			path = registerCitizenPushNotification;
			sourceTree = "<group>";
		};
		2CF7E585208BC21A00BE4D84 /* Extentions */ = {
			isa = PBXGroup;
			children = (
				2CF2436F2062B126007E696C /* Extension+UITextView.swift */,
				2C4F94452078915300BC5D31 /* String+Extenstion.swift */,
				2CF7E586208BC27900BE4D84 /* UIViewController+Extention.swift */,
			);
			path = Extentions;
			sourceTree = "<group>";
		};
		2CFCDA1F2083214D007C9C99 /* Rating */ = {
			isa = PBXGroup;
			children = (
				2CFCDA2020832170007C9C99 /* RatingController.swift */,
			);
			path = Rating;
			sourceTree = "<group>";
		};
		8466DFB9820459677EFEA6B8 /* Frameworks */ = {
			isa = PBXGroup;
			children = (
				3011A8E533982EC002C94872 /* Pods_JK_RideSafe.framework */,
			);
			name = Frameworks;
			sourceTree = "<group>";
		};
		B811FE1E205F5052005F327B /* RoadInfraIssue */ = {
			isa = PBXGroup;
			children = (
				B811FE1F205F5183005F327B /* RoadInfraIssue.storyboard */,
				B811FE21205F519A005F327B /* RoadInfraIssueViewController.swift */,
			);
			path = RoadInfraIssue;
			sourceTree = "<group>";
		};
		B813A3FA2061756900A1B6F5 /* EmergencyContact */ = {
			isa = PBXGroup;
			children = (
				B813A3FC206175A600A1B6F5 /* EmergencyContactResponce.swift */,
				B813A3FB206175A600A1B6F5 /* EmergencyConacts.swift */,
			);
			path = EmergencyContact;
			sourceTree = "<group>";
		};
		B81A18CE2063539A001701F4 /* RoadInfra */ = {
			isa = PBXGroup;
			children = (
				B81A18CF206353C1001701F4 /* RoadinfraIssueResponse.swift */,
				B81A18D0206353C1001701F4 /* RoadInfraIssue.swift */,
			);
			path = RoadInfra;
			sourceTree = "<group>";
		};
		B821B2AF205D0C9B007D1F32 /* Education */ = {
			isa = PBXGroup;
			children = (
				B86F32EC205D108B00A6A975 /* MediaResponse.swift */,
				B86F32ED205D108C00A6A975 /* Media.swift */,
			);
			path = Education;
			sourceTree = "<group>";
		};
		B841ED0D205D9ACA00ACFF0E /* HelpLine */ = {
			isa = PBXGroup;
			children = (
				B841ED0E205D9ACA00ACFF0E /* DirectoryResponse.swift */,
				B841ED0F205D9ACA00ACFF0E /* Directory.swift */,
			);
			path = HelpLine;
			sourceTree = "<group>";
		};
		B84DB415205E32390000A256 /* EmergencyContact */ = {
			isa = PBXGroup;
			children = (
				B84DB416205E32710000A256 /* EmergencyContact.storyboard */,
				B84DB418205E328D0000A256 /* EmergencyContactViewController.swift */,
				B85BB357208ACB8400FE3C79 /* ShareLiveLocation.swift */,
			);
			path = EmergencyContact;
			sourceTree = "<group>";
		};
		B865FFE3207DE14600B675F3 /* Notification */ = {
			isa = PBXGroup;
			children = (
				B865FFE6207DE18900B675F3 /* Notification.storyboard */,
				B865FFE8207DE1A100B675F3 /* NotificationViewController.swift */,
				B865FFEA207DE56700B675F3 /* NotificationTableViewCell.swift */,
			);
			path = Notification;
			sourceTree = "<group>";
		};
		B865FFEC207DE8E100B675F3 /* Notification */ = {
			isa = PBXGroup;
			children = (
				B865FFED207DE91300B675F3 /* NotificationResponse.swift */,
				B865FFEF207DE91C00B675F3 /* Notification.swift */,
			);
			path = Notification;
			sourceTree = "<group>";
		};
		B8AFD871205AD1F20044A608 /* Education */ = {
			isa = PBXGroup;
			children = (
				B8AFD872205AD1F20044A608 /* Education.storyboard */,
				B8AFD873205AD1F20044A608 /* EducationContainerViewController.swift */,
				B8AFD874205AD1F20044A608 /* EducationPDFViewController.swift */,
				B8AFD875205AD1F20044A608 /* EducationVideoViewController.swift */,
				B821B2A3205CC22E007D1F32 /* VideoTableViewCell.swift */,
				B821B2A4205CC22E007D1F32 /* VideoTableViewCell.xib */,
				B821B2A7205CC23E007D1F32 /* PDFTableViewCell.swift */,
				B821B2A8205CC23E007D1F32 /* PDFTableViewCell.xib */,
				B821B2AB205CC260007D1F32 /* YoutubeVideoViewController.swift */,
				B821B2AD205CD8F7007D1F32 /* OpenPdfViewController.swift */,
			);
			path = Education;
			sourceTree = "<group>";
		};
		B8AFD87A205AD2270044A608 /* HelpLine */ = {
			isa = PBXGroup;
			children = (
				B8AFD87B205AD23E0044A608 /* HelpLine.storyboard */,
				B8AFD87D205AD2770044A608 /* HelpLineContainerViewController.swift */,
				B8AFDA6A205ADB350044A608 /* HelplineAdministrationViewController.swift */,
				B841ED0B205D920B00ACFF0E /* HelpLineTableViewCell.swift */,
			);
			path = HelpLine;
			sourceTree = "<group>";
		};
		B8C4F2712065340000587E55 /* Reports */ = {
			isa = PBXGroup;
			children = (
				B8C4F2722065561B00587E55 /* ReportsContainerViewController.swift */,
				B8C4F2742065563500587E55 /* Reports.storyboard */,
				B8C4F276206556AB00587E55 /* UnsafeDrivingIssueListViewController.swift */,
				B8C4F27A2065571E00587E55 /* RoadInfraIssueListViewController.swift */,
				B8C4F27C2065574600587E55 /* ReportTableViewCell.swift */,
				B8C4F27D2065574600587E55 /* ReportTableViewCell.xib */,
				B8FBC51F206775FC00380A41 /* IssueMapViewController.swift */,
				2CF7E57A2087DC2B00BE4D84 /* IssueStatusTableVC.swift */,
				2CF7E57C2087DFE300BE4D84 /* IssueStatusTableViewCell.swift */,
			);
			path = Reports;
			sourceTree = "<group>";
		};
		B8C4F2802065791D00587E55 /* MyReport */ = {
			isa = PBXGroup;
			children = (
				B803CD992065E15600475AB9 /* MyRoadInfraIssueResponse.swift */,
				B803CD9A2065E15600475AB9 /* MyRoadInfraIssue.swift */,
				B8C4F282206579D300587E55 /* MyDrivingIssueReportResponse.swift */,
				B8C4F281206579D300587E55 /* MyDrivingIssueReport.swift */,
				2CF7E5802089166000BE4D84 /* ActionListItem.swift */,
			);
			path = MyReport;
			sourceTree = "<group>";
		};
		D92CAC7D20F78B4E008562E7 /* DrivingCaseLocation */ = {
			isa = PBXGroup;
			children = (
				D92CAC8820F78C2E008562E7 /* DrivingCaseLocationForAppResponse.swift */,
				D92CAC8620F78C2D008562E7 /* FieldOfficialList.swift */,
				D92CAC8920F78C2E008562E7 /* ResponseObject.swift */,
			);
			path = DrivingCaseLocation;
			sourceTree = "<group>";
		};
		D92EAB1D20FB2A910078A284 /* ExpandingMenu */ = {
			isa = PBXGroup;
			children = (
				D92EAB1E20FB2A910078A284 /* Classes */,
				D92EAB2220FB2A910078A284 /* Assets */,
			);
			path = ExpandingMenu;
			sourceTree = "<group>";
		};
		D92EAB1E20FB2A910078A284 /* Classes */ = {
			isa = PBXGroup;
			children = (
				D92EAB1F20FB2A910078A284 /* ExpandingMenuItem.swift */,
				D92EAB2020FB2A910078A284 /* .gitkeep */,
				D92EAB2120FB2A910078A284 /* ExpandingMenuButton.swift */,
			);
			path = Classes;
			sourceTree = "<group>";
		};
		D92EAB2220FB2A910078A284 /* Assets */ = {
			isa = PBXGroup;
			children = (
				D92EAB2320FB2A910078A284 /* .gitkeep */,
				D92EAB2420FB2A910078A284 /* Sounds */,
			);
			path = Assets;
			sourceTree = "<group>";
		};
		D92EAB2420FB2A910078A284 /* Sounds */ = {
			isa = PBXGroup;
			children = (
				D92EAB2520FB2A910078A284 /* selected.caf */,
				D92EAB2620FB2A910078A284 /* fold.caf */,
				D92EAB2720FB2A910078A284 /* expanding.caf */,
			);
			path = Sounds;
			sourceTree = "<group>";
		};
/* End PBXGroup section */

/* Begin PBXNativeTarget section */
		2C1EE2AB204E5A440093B3BF /* JK RideSafe */ = {
			isa = PBXNativeTarget;
			buildConfigurationList = 2C1EE2BE204E5A440093B3BF /* Build configuration list for PBXNativeTarget "JK RideSafe" */;
			buildPhases = (
				91533EB2DEB4513B7994C958 /* [CP] Check Pods Manifest.lock */,
				2C1EE2A8204E5A440093B3BF /* Sources */,
				2C1EE2A9204E5A440093B3BF /* Frameworks */,
				2C1EE2AA204E5A440093B3BF /* Resources */,
				269D99F0DFFF07F916A454E6 /* [CP] Embed Pods Frameworks */,
				2CF7E5822089ECB900BE4D84 /* Run Script */,
			);
			buildRules = (
			);
			dependencies = (
			);
			name = "JK RideSafe";
			productName = RideSafe;
			productReference = 2C1EE2AC204E5A440093B3BF /* JK RideSafe.app */;
			productType = "com.apple.product-type.application";
		};
/* End PBXNativeTarget section */

/* Begin PBXProject section */
		2C1EE2A4204E5A440093B3BF /* Project object */ = {
			isa = PBXProject;
			attributes = {
				LastSwiftUpdateCheck = 0920;
				LastUpgradeCheck = 0930;
				ORGANIZATIONNAME = Mobiquel;
				TargetAttributes = {
					2C1EE2AB204E5A440093B3BF = {
						CreatedOnToolsVersion = 9.2;
						ProvisioningStyle = Manual;
						SystemCapabilities = {
							com.apple.Push = {
								enabled = 1;
							};
						};
					};
				};
			};
			buildConfigurationList = 2C1EE2A7204E5A440093B3BF /* Build configuration list for PBXProject "JK RideSafe" */;
			compatibilityVersion = "Xcode 8.0";
			developmentRegion = en;
			hasScannedForEncodings = 0;
			knownRegions = (
				en,
				Base,
				"ur-IN",
				"hi-IN",
			);
			mainGroup = 2C1EE2A3204E5A440093B3BF;
			productRefGroup = 2C1EE2AD204E5A440093B3BF /* Products */;
			projectDirPath = "";
			projectRoot = "";
			targets = (
				2C1EE2AB204E5A440093B3BF /* JK RideSafe */,
			);
		};
/* End PBXProject section */

/* Begin PBXResourcesBuildPhase section */
		2C1EE2AA204E5A440093B3BF /* Resources */ = {
			isa = PBXResourcesBuildPhase;
			buildActionMask = 2147483647;
			files = (
				B821B2A6205CC22E007D1F32 /* VideoTableViewCell.xib in Resources */,
				2C27D16B20767E3600F23736 /* FOMyProfile.storyboard in Resources */,
				2C1EE2BA204E5A440093B3BF /* LaunchScreen.storyboard in Resources */,
				2CC96A35207A965800B7AAFD /* futura-regular.ttf in Resources */,
				2C87E7CC2066654C00CAD64C /* FOContactCell.xib in Resources */,
				B821B2AA205CC23E007D1F32 /* PDFTableViewCell.xib in Resources */,
				D92CAC8F20F7A410008562E7 /* FieldOfficerAnnotationView.xib in Resources */,
				B811FE20205F5183005F327B /* RoadInfraIssue.storyboard in Resources */,
				2CE630C7209B5F4F00E1C4F7 /* GoogleService-Info.plist in Resources */,
				D92EAB2C20FB2A910078A284 /* selected.caf in Resources */,
				2CB05AF0207491FE006C547E /* Poppins-SemiBold.ttf in Resources */,
				2C3D5651205AD1CE008F9104 /* DropDown.storyboard in Resources */,
				2C63FC112065493B00BE8691 /* FOMain.storyboard in Resources */,
				2C4F94542078A12C00BC5D31 /* Localizable.strings in Resources */,
				2C1EE2B7204E5A440093B3BF /* Assets.xcassets in Resources */,
				2C4F94532078A12C00BC5D31 /* Localizable.strings in Resources */,
				2C2366092067793B000981A8 /* UpdateActionCell.xib in Resources */,
				2CF2435C205EC81F007E696C /* WelcomeAlert.storyboard in Resources */,
				2C4F94522078A12C00BC5D31 /* Localizable.strings in Resources */,
				2CC96A32207A947F00B7AAFD /* FuturaStd-Heavy.otf in Resources */,
				B84DB417205E32710000A256 /* EmergencyContact.storyboard in Resources */,
				2C87E7BE2066557D00CAD64C /* NoRecord.xib in Resources */,
				B865FFE7207DE18900B675F3 /* Notification.storyboard in Resources */,
				2C1566992056A6F900B4067C /* MenuCell.xib in Resources */,
				D9F17B462103696D008D4D92 /* CitizenAnnotationView.xib in Resources */,
				B8AFD87C205AD23E0044A608 /* HelpLine.storyboard in Resources */,
				D92EAB2B20FB2A910078A284 /* .gitkeep in Resources */,
				2CB05AF2207491FE006C547E /* Poppins-Medium.ttf in Resources */,
				2C1EE2B5204E5A440093B3BF /* Main.storyboard in Resources */,
				2CC96A33207A947F00B7AAFD /* futuram_C.ttf in Resources */,
				B8AFD876205AD1F20044A608 /* Education.storyboard in Resources */,
				D9CCEE6E21021EE700F8C26D /* official.mp3 in Resources */,
				B8C4F2752065563500587E55 /* Reports.storyboard in Resources */,
				D92EAB2E20FB2A910078A284 /* expanding.caf in Resources */,
				B8C4F27F2065574600587E55 /* ReportTableViewCell.xib in Resources */,
				2CB05AF1207491FE006C547E /* Poppins-Regular.ttf in Resources */,
				D92EAB2D20FB2A910078A284 /* fold.caf in Resources */,
				D92EAB2920FB2A910078A284 /* .gitkeep in Resources */,
			);
			runOnlyForDeploymentPostprocessing = 0;
		};
/* End PBXResourcesBuildPhase section */

/* Begin PBXShellScriptBuildPhase section */
		269D99F0DFFF07F916A454E6 /* [CP] Embed Pods Frameworks */ = {
			isa = PBXShellScriptBuildPhase;
			buildActionMask = 2147483647;
			files = (
			);
			inputPaths = (
				"${SRCROOT}/Pods/Target Support Files/Pods-JK RideSafe/Pods-JK RideSafe-frameworks.sh",
				"${BUILT_PRODUCTS_DIR}/Alamofire/Alamofire.framework",
				"${BUILT_PRODUCTS_DIR}/Cosmos/Cosmos.framework",
				"${BUILT_PRODUCTS_DIR}/GoogleToolboxForMac/GoogleToolboxForMac.framework",
				"${BUILT_PRODUCTS_DIR}/IQKeyboardManagerSwift/IQKeyboardManagerSwift.framework",
				"${BUILT_PRODUCTS_DIR}/JFContactsPicker/JFContactsPicker.framework",
				"${BUILT_PRODUCTS_DIR}/PromiseKit/PromiseKit.framework",
				"${BUILT_PRODUCTS_DIR}/Protobuf/Protobuf.framework",
				"${BUILT_PRODUCTS_DIR}/SDWebImage/SDWebImage.framework",
				"${BUILT_PRODUCTS_DIR}/SWSegmentedControl/SWSegmentedControl.framework",
				"${BUILT_PRODUCTS_DIR}/Segmentio/Segmentio.framework",
				"${BUILT_PRODUCTS_DIR}/Toast-Swift/Toast_Swift.framework",
				"${BUILT_PRODUCTS_DIR}/UIDropDown/UIDropDown.framework",
				"${BUILT_PRODUCTS_DIR}/YouTubePlayer-Swift/YouTubePlayer_Swift.framework",
				"${BUILT_PRODUCTS_DIR}/nanopb/nanopb.framework",
			);
			name = "[CP] Embed Pods Frameworks";
			outputPaths = (
				"${TARGET_BUILD_DIR}/${FRAMEWORKS_FOLDER_PATH}/Alamofire.framework",
				"${TARGET_BUILD_DIR}/${FRAMEWORKS_FOLDER_PATH}/Cosmos.framework",
				"${TARGET_BUILD_DIR}/${FRAMEWORKS_FOLDER_PATH}/GoogleToolboxForMac.framework",
				"${TARGET_BUILD_DIR}/${FRAMEWORKS_FOLDER_PATH}/IQKeyboardManagerSwift.framework",
				"${TARGET_BUILD_DIR}/${FRAMEWORKS_FOLDER_PATH}/JFContactsPicker.framework",
				"${TARGET_BUILD_DIR}/${FRAMEWORKS_FOLDER_PATH}/PromiseKit.framework",
				"${TARGET_BUILD_DIR}/${FRAMEWORKS_FOLDER_PATH}/Protobuf.framework",
				"${TARGET_BUILD_DIR}/${FRAMEWORKS_FOLDER_PATH}/SDWebImage.framework",
				"${TARGET_BUILD_DIR}/${FRAMEWORKS_FOLDER_PATH}/SWSegmentedControl.framework",
				"${TARGET_BUILD_DIR}/${FRAMEWORKS_FOLDER_PATH}/Segmentio.framework",
				"${TARGET_BUILD_DIR}/${FRAMEWORKS_FOLDER_PATH}/Toast_Swift.framework",
				"${TARGET_BUILD_DIR}/${FRAMEWORKS_FOLDER_PATH}/UIDropDown.framework",
				"${TARGET_BUILD_DIR}/${FRAMEWORKS_FOLDER_PATH}/YouTubePlayer_Swift.framework",
				"${TARGET_BUILD_DIR}/${FRAMEWORKS_FOLDER_PATH}/nanopb.framework",
			);
			runOnlyForDeploymentPostprocessing = 0;
			shellPath = /bin/sh;
			shellScript = "\"${SRCROOT}/Pods/Target Support Files/Pods-JK RideSafe/Pods-JK RideSafe-frameworks.sh\"\n";
			showEnvVarsInLog = 0;
		};
		2CF7E5822089ECB900BE4D84 /* Run Script */ = {
			isa = PBXShellScriptBuildPhase;
			buildActionMask = 2147483647;
			files = (
			);
			inputPaths = (
			);
			name = "Run Script";
			outputPaths = (
			);
			runOnlyForDeploymentPostprocessing = 0;
			shellPath = /bin/sh;
			shellScript = "\"${PODS_ROOT}/Fabric/run\" fa506f2d0c79bb4c344d622501053e44b4abe05d c49739fc7d8fcbdd04b9ac3768b5b351ba23a481dce95b8ab3939dc646ef12fd";
		};
		91533EB2DEB4513B7994C958 /* [CP] Check Pods Manifest.lock */ = {
			isa = PBXShellScriptBuildPhase;
			buildActionMask = 2147483647;
			files = (
			);
			inputPaths = (
				"${PODS_PODFILE_DIR_PATH}/Podfile.lock",
				"${PODS_ROOT}/Manifest.lock",
			);
			name = "[CP] Check Pods Manifest.lock";
			outputPaths = (
				"$(DERIVED_FILE_DIR)/Pods-JK RideSafe-checkManifestLockResult.txt",
			);
			runOnlyForDeploymentPostprocessing = 0;
			shellPath = /bin/sh;
			shellScript = "diff \"${PODS_PODFILE_DIR_PATH}/Podfile.lock\" \"${PODS_ROOT}/Manifest.lock\" > /dev/null\nif [ $? != 0 ] ; then\n    # print error to STDERR\n    echo \"error: The sandbox is not in sync with the Podfile.lock. Run 'pod install' or update your CocoaPods installation.\" >&2\n    exit 1\nfi\n# This output is used by Xcode 'outputs' to avoid re-running this script phase.\necho \"SUCCESS\" > \"${SCRIPT_OUTPUT_FILE_0}\"\n";
			showEnvVarsInLog = 0;
		};
/* End PBXShellScriptBuildPhase section */

/* Begin PBXSourcesBuildPhase section */
		2C1EE2A8204E5A440093B3BF /* Sources */ = {
			isa = PBXSourcesBuildPhase;
			buildActionMask = 2147483647;
			files = (
				2CF7E587208BC27900BE4D84 /* UIViewController+Extention.swift in Sources */,
				2C87E7C820665B4400CAD64C /* InfraIssuesForFieldOfficer.swift in Sources */,
				B8FBC520206775FC00380A41 /* IssueMapViewController.swift in Sources */,
				D92CAC8A20F78C2E008562E7 /* FieldOfficialList.swift in Sources */,
				2C1566B720584B7400B4067C /* SwiftLoader.swift in Sources */,
				B86F32EF205D108C00A6A975 /* Media.swift in Sources */,
				B8C4F284206579D300587E55 /* MyDrivingIssueReportResponse.swift in Sources */,
				2CF7E5812089166000BE4D84 /* ActionListItem.swift in Sources */,
				2C87E7B72066204F00CAD64C /* DrivingIssueListForFieldOfficial.swift in Sources */,
				D92CAC7620F667A1008562E7 /* DrivingIssueMapVC.swift in Sources */,
				2CF2436E206031A2007E696C /* RegisterCitizenPushNotification.swift in Sources */,
				B821B2AE205CD8F7007D1F32 /* OpenPdfViewController.swift in Sources */,
				2CF2435E20600242007E696C /* AppConstants.swift in Sources */,
				B813A3FE206175A600A1B6F5 /* EmergencyContactResponce.swift in Sources */,
				2C1EE2D6204E6F3E0093B3BF /* NetworkManager.swift in Sources */,
				B8AFD877205AD1F20044A608 /* EducationContainerViewController.swift in Sources */,
				B86F32EE205D108C00A6A975 /* MediaResponse.swift in Sources */,
				D92CAC8C20F78C2E008562E7 /* DrivingCaseLocationForAppResponse.swift in Sources */,
				B81A18D2206353C1001701F4 /* RoadInfraIssue.swift in Sources */,
				B821B2AC205CC260007D1F32 /* YoutubeVideoViewController.swift in Sources */,
				2CF24342205E7880007E696C /* SettingController.swift in Sources */,
				2C87E7D52066694A00CAD64C /* FieldOfficerList.swift in Sources */,
				2C87E7B62066204F00CAD64C /* DrivingIssueForFieldOfficial.swift in Sources */,
				2C1566A22057DCA000B4067C /* MyProfile.swift in Sources */,
				B84DB419205E328D0000A256 /* EmergencyContactViewController.swift in Sources */,
				2C63FC1920657AAB00BE8691 /* TransportController.swift in Sources */,
				B821B2A5205CC22E007D1F32 /* VideoTableViewCell.swift in Sources */,
				B803CD9C2065E15700475AB9 /* MyRoadInfraIssue.swift in Sources */,
				B8C4F27B2065571E00587E55 /* RoadInfraIssueListViewController.swift in Sources */,
				2C4F940A20768B6800BC5D31 /* FieldOfficialProfileResponse.swift in Sources */,
				2C15668B2051CE0E00B4067C /* Checkbox.swift in Sources */,
				2C1566972056A6F900B4067C /* SideMenu.swift in Sources */,
				2CF2435A205EC80A007E696C /* WelcomeAlertController.swift in Sources */,
				2C63FC1720657A9600BE8691 /* InfraIssueController.swift in Sources */,
				2C3D5653205AD1E8008F9104 /* DropDownController.swift in Sources */,
				B870129520982FE70091278F /* DrivingCaseLocationList.swift in Sources */,
				2C3D5659205AD37B008F9104 /* DrivingIssuesCategoryList.swift in Sources */,
				D92EAB2A20FB2A910078A284 /* ExpandingMenuButton.swift in Sources */,
				2C63FC21206583D600BE8691 /* EmptySegue.swift in Sources */,
				2CF2436D206031A2007E696C /* RegisterCitizenPushNotificationResponse.swift in Sources */,
				2C1566A02056A76D00B4067C /* DashboardController.swift in Sources */,
				2C1566B320582F8D00B4067C /* DistrictList.swift in Sources */,
				2C1566A82057DCF800B4067C /* AboutRideSafe.swift in Sources */,
				B811FE22205F519A005F327B /* RoadInfraIssueViewController.swift in Sources */,
				2CF24360206010B6007E696C /* RideSafeNavigationController.swift in Sources */,
				B841ED10205D9ACA00ACFF0E /* DirectoryResponse.swift in Sources */,
				2C1EE2D5204E6F3E0093B3BF /* Services.swift in Sources */,
				2C1EE2B0204E5A440093B3BF /* AppDelegate.swift in Sources */,
				2C63FBEC2064023E00BE8691 /* CustomError.swift in Sources */,
				B8AFD878205AD1F20044A608 /* EducationPDFViewController.swift in Sources */,
				B81A18D1206353C1001701F4 /* RoadinfraIssueResponse.swift in Sources */,
				2C1566A42057DCC300B4067C /* MyReport.swift in Sources */,
				B865FFF0207DE91C00B675F3 /* Notification.swift in Sources */,
				B841ED11205D9ACA00ACFF0E /* Directory.swift in Sources */,
				2CF7E57B2087DC2B00BE4D84 /* IssueStatusTableVC.swift in Sources */,
				B8C4F283206579D300587E55 /* MyDrivingIssueReport.swift in Sources */,
				2C63FC1B20657ABD00BE8691 /* PoliceController.swift in Sources */,
				2C3D565F205D5FC0008F9104 /* Citizen.swift in Sources */,
				B821B2A9205CC23E007D1F32 /* PDFTableViewCell.swift in Sources */,
				B8C4F2732065561B00587E55 /* ReportsContainerViewController.swift in Sources */,
				2C2366082067793B000981A8 /* UpdateActionCell.swift in Sources */,
				2C27D16D20767E7300F23736 /* FOMyProfileController.swift in Sources */,
				2C3D5658205AD37B008F9104 /* VerifyOTPResponse.swift in Sources */,
				B8C4F277206556AB00587E55 /* UnsafeDrivingIssueListViewController.swift in Sources */,
				2C87E7C720665B4400CAD64C /* InfraIssuesListForFieldOfficer.swift in Sources */,
				2C3D565A205AD37B008F9104 /* DrivingIssueCategory.swift in Sources */,
				2C1566982056A6F900B4067C /* MenuCell.swift in Sources */,
				2CF7E57D2087DFE300BE4D84 /* IssueStatusTableViewCell.swift in Sources */,
				B8C4F27E2065574600587E55 /* ReportTableViewCell.swift in Sources */,
				2C3D5661205D62CB008F9104 /* SharedSettings.swift in Sources */,
				B813A3FD206175A600A1B6F5 /* EmergencyConacts.swift in Sources */,
				D9B732E420EA8226006F0B19 /* AdministrationController.swift in Sources */,
				2C1EE2D9204E6F460093B3BF /* LoginController.swift in Sources */,
				2C87E7D62066694A00CAD64C /* FieldOfficer.swift in Sources */,
				2CF24346205E7B5D007E696C /* LanguageCell.swift in Sources */,
				D92CAC8D20F78C2E008562E7 /* ResponseObject.swift in Sources */,
				2C4F94462078915300BC5D31 /* String+Extenstion.swift in Sources */,
				B8AFD879205AD1F20044A608 /* EducationVideoViewController.swift in Sources */,
				2C1566AC2058238800B4067C /* RegistrationController.swift in Sources */,
				2C3D565E205D5FC0008F9104 /* CitizenProfile.swift in Sources */,
				2C87E7BC2066556D00CAD64C /* NoRecordView.swift in Sources */,
				B803CD9B2065E15700475AB9 /* MyRoadInfraIssueResponse.swift in Sources */,
				2C63FC23206590F900BE8691 /* DrivingIssueController.swift in Sources */,
				2C63FC1F20657D8900BE8691 /* EmbededContainerController.swift in Sources */,
				2C23660120677796000981A8 /* UpdateActionController.swift in Sources */,
				B841ED0C205D920B00ACFF0E /* HelpLineTableViewCell.swift in Sources */,
				2CF243702062B126007E696C /* Extension+UITextView.swift in Sources */,
				B865FFEB207DE56700B675F3 /* NotificationTableViewCell.swift in Sources */,
				2C63FC132065495C00BE8691 /* FODashboardController.swift in Sources */,
				2C1566AA2058013A00B4067C /* RideSafeViewController.swift in Sources */,
				B8ED770A2095C97C00CA603A /* District.swift in Sources */,
				B865FFEE207DE91300B675F3 /* NotificationResponse.swift in Sources */,
				2C87E7CB2066654C00CAD64C /* FOContactCell.swift in Sources */,
				B85BB358208ACB8400FE3C79 /* ShareLiveLocation.swift in Sources */,
				B865FFE9207DE1A100B675F3 /* NotificationViewController.swift in Sources */,
				2C87E7BA206622B100CAD64C /* FODrivingIssueCell.swift in Sources */,
				B8AFD87E205AD2770044A608 /* HelpLineContainerViewController.swift in Sources */,
				D92EAB2820FB2A910078A284 /* ExpandingMenuItem.swift in Sources */,
				D94E2D1B20FA427200483984 /* TutorialVC.swift in Sources */,
				B8AFDA6B205ADB350044A608 /* HelplineAdministrationViewController.swift in Sources */,
				2CFCDA2120832170007C9C99 /* RatingController.swift in Sources */,
				B8ED77092095C97C00CA603A /* DistrictResponse.swift in Sources */,
				2C4F940920768B6800BC5D31 /* FieldOfficial.swift in Sources */,
			);
			runOnlyForDeploymentPostprocessing = 0;
		};
/* End PBXSourcesBuildPhase section */

/* Begin PBXVariantGroup section */
		2C1EE2B3204E5A440093B3BF /* Main.storyboard */ = {
			isa = PBXVariantGroup;
			children = (
				2C1EE2B4204E5A440093B3BF /* Base */,
			);
			name = Main.storyboard;
			sourceTree = "<group>";
		};
		2C1EE2B8204E5A440093B3BF /* LaunchScreen.storyboard */ = {
			isa = PBXVariantGroup;
			children = (
				2C1EE2B9204E5A440093B3BF /* Base */,
			);
			name = LaunchScreen.storyboard;
			sourceTree = "<group>";
		};
		2C4F944A2078A12B00BC5D31 /* Localizable.strings */ = {
			isa = PBXVariantGroup;
			children = (
				2C4F944B2078A12B00BC5D31 /* ur-IN */,
			);
			name = Localizable.strings;
			sourceTree = "<group>";
		};
		2C4F944D2078A12B00BC5D31 /* Localizable.strings */ = {
			isa = PBXVariantGroup;
			children = (
				2C4F944E2078A12B00BC5D31 /* en */,
			);
			name = Localizable.strings;
			sourceTree = "<group>";
		};
		2C4F94502078A12B00BC5D31 /* Localizable.strings */ = {
			isa = PBXVariantGroup;
			children = (
				2C4F94512078A12B00BC5D31 /* hi-IN */,
			);
			name = Localizable.strings;
			sourceTree = "<group>";
		};
/* End PBXVariantGroup section */

/* Begin XCBuildConfiguration section */
		2C1EE2BC204E5A440093B3BF /* Debug */ = {
			isa = XCBuildConfiguration;
			buildSettings = {
				ALWAYS_SEARCH_USER_PATHS = NO;
				CLANG_ANALYZER_LOCALIZABILITY_NONLOCALIZED = YES;
				CLANG_ANALYZER_NONNULL = YES;
				CLANG_ANALYZER_NUMBER_OBJECT_CONVERSION = YES_AGGRESSIVE;
				CLANG_CXX_LANGUAGE_STANDARD = "gnu++14";
				CLANG_CXX_LIBRARY = "libc++";
				CLANG_ENABLE_MODULES = YES;
				CLANG_ENABLE_OBJC_ARC = YES;
				CLANG_WARN_BLOCK_CAPTURE_AUTORELEASING = YES;
				CLANG_WARN_BOOL_CONVERSION = YES;
				CLANG_WARN_COMMA = YES;
				CLANG_WARN_CONSTANT_CONVERSION = YES;
				CLANG_WARN_DEPRECATED_OBJC_IMPLEMENTATIONS = YES;
				CLANG_WARN_DIRECT_OBJC_ISA_USAGE = YES_ERROR;
				CLANG_WARN_DOCUMENTATION_COMMENTS = YES;
				CLANG_WARN_EMPTY_BODY = YES;
				CLANG_WARN_ENUM_CONVERSION = YES;
				CLANG_WARN_INFINITE_RECURSION = YES;
				CLANG_WARN_INT_CONVERSION = YES;
				CLANG_WARN_NON_LITERAL_NULL_CONVERSION = YES;
				CLANG_WARN_OBJC_IMPLICIT_RETAIN_SELF = YES;
				CLANG_WARN_OBJC_LITERAL_CONVERSION = YES;
				CLANG_WARN_OBJC_ROOT_CLASS = YES_ERROR;
				CLANG_WARN_RANGE_LOOP_ANALYSIS = YES;
				CLANG_WARN_STRICT_PROTOTYPES = YES;
				CLANG_WARN_SUSPICIOUS_MOVE = YES;
				CLANG_WARN_UNGUARDED_AVAILABILITY = YES_AGGRESSIVE;
				CLANG_WARN_UNREACHABLE_CODE = YES;
				CLANG_WARN__DUPLICATE_METHOD_MATCH = YES;
				CODE_SIGN_IDENTITY = "iPhone Developer";
				COPY_PHASE_STRIP = NO;
				DEBUG_INFORMATION_FORMAT = dwarf;
				ENABLE_STRICT_OBJC_MSGSEND = YES;
				ENABLE_TESTABILITY = YES;
				GCC_C_LANGUAGE_STANDARD = gnu11;
				GCC_DYNAMIC_NO_PIC = NO;
				GCC_NO_COMMON_BLOCKS = YES;
				GCC_OPTIMIZATION_LEVEL = 0;
				GCC_PREPROCESSOR_DEFINITIONS = (
					"DEBUG=1",
					"$(inherited)",
				);
				GCC_WARN_64_TO_32_BIT_CONVERSION = YES;
				GCC_WARN_ABOUT_RETURN_TYPE = YES_ERROR;
				GCC_WARN_UNDECLARED_SELECTOR = YES;
				GCC_WARN_UNINITIALIZED_AUTOS = YES_AGGRESSIVE;
				GCC_WARN_UNUSED_FUNCTION = YES;
				GCC_WARN_UNUSED_VARIABLE = YES;
				IPHONEOS_DEPLOYMENT_TARGET = 11.2;
				MTL_ENABLE_DEBUG_INFO = YES;
				ONLY_ACTIVE_ARCH = YES;
				SDKROOT = iphoneos;
				SWIFT_ACTIVE_COMPILATION_CONDITIONS = DEBUG;
				SWIFT_OPTIMIZATION_LEVEL = "-Onone";
			};
			name = Debug;
		};
		2C1EE2BD204E5A440093B3BF /* Release */ = {
			isa = XCBuildConfiguration;
			buildSettings = {
				ALWAYS_SEARCH_USER_PATHS = NO;
				CLANG_ANALYZER_LOCALIZABILITY_NONLOCALIZED = YES;
				CLANG_ANALYZER_NONNULL = YES;
				CLANG_ANALYZER_NUMBER_OBJECT_CONVERSION = YES_AGGRESSIVE;
				CLANG_CXX_LANGUAGE_STANDARD = "gnu++14";
				CLANG_CXX_LIBRARY = "libc++";
				CLANG_ENABLE_MODULES = YES;
				CLANG_ENABLE_OBJC_ARC = YES;
				CLANG_WARN_BLOCK_CAPTURE_AUTORELEASING = YES;
				CLANG_WARN_BOOL_CONVERSION = YES;
				CLANG_WARN_COMMA = YES;
				CLANG_WARN_CONSTANT_CONVERSION = YES;
				CLANG_WARN_DEPRECATED_OBJC_IMPLEMENTATIONS = YES;
				CLANG_WARN_DIRECT_OBJC_ISA_USAGE = YES_ERROR;
				CLANG_WARN_DOCUMENTATION_COMMENTS = YES;
				CLANG_WARN_EMPTY_BODY = YES;
				CLANG_WARN_ENUM_CONVERSION = YES;
				CLANG_WARN_INFINITE_RECURSION = YES;
				CLANG_WARN_INT_CONVERSION = YES;
				CLANG_WARN_NON_LITERAL_NULL_CONVERSION = YES;
				CLANG_WARN_OBJC_IMPLICIT_RETAIN_SELF = YES;
				CLANG_WARN_OBJC_LITERAL_CONVERSION = YES;
				CLANG_WARN_OBJC_ROOT_CLASS = YES_ERROR;
				CLANG_WARN_RANGE_LOOP_ANALYSIS = YES;
				CLANG_WARN_STRICT_PROTOTYPES = YES;
				CLANG_WARN_SUSPICIOUS_MOVE = YES;
				CLANG_WARN_UNGUARDED_AVAILABILITY = YES_AGGRESSIVE;
				CLANG_WARN_UNREACHABLE_CODE = YES;
				CLANG_WARN__DUPLICATE_METHOD_MATCH = YES;
				CODE_SIGN_IDENTITY = "iPhone Developer";
				COPY_PHASE_STRIP = NO;
				DEBUG_INFORMATION_FORMAT = "dwarf-with-dsym";
				ENABLE_NS_ASSERTIONS = NO;
				ENABLE_STRICT_OBJC_MSGSEND = YES;
				GCC_C_LANGUAGE_STANDARD = gnu11;
				GCC_NO_COMMON_BLOCKS = YES;
				GCC_WARN_64_TO_32_BIT_CONVERSION = YES;
				GCC_WARN_ABOUT_RETURN_TYPE = YES_ERROR;
				GCC_WARN_UNDECLARED_SELECTOR = YES;
				GCC_WARN_UNINITIALIZED_AUTOS = YES_AGGRESSIVE;
				GCC_WARN_UNUSED_FUNCTION = YES;
				GCC_WARN_UNUSED_VARIABLE = YES;
				IPHONEOS_DEPLOYMENT_TARGET = 11.2;
				MTL_ENABLE_DEBUG_INFO = NO;
				SDKROOT = iphoneos;
				SWIFT_OPTIMIZATION_LEVEL = "-Owholemodule";
				VALIDATE_PRODUCT = YES;
			};
			name = Release;
		};
		2C1EE2BF204E5A440093B3BF /* Debug */ = {
			isa = XCBuildConfiguration;
			baseConfigurationReference = 7DE333A7AC5A2B1EC681D6E7 /* Pods-JK RideSafe.debug.xcconfig */;
			buildSettings = {
				ASSETCATALOG_COMPILER_APPICON_NAME = AppIcon;
				CODE_SIGN_ENTITLEMENTS = "JK RideSafe.entitlements";
				CODE_SIGN_IDENTITY = "iPhone Developer";
				"CODE_SIGN_IDENTITY[sdk=iphoneos*]" = "iPhone Developer: Vibhor Gupta (59C46AYD6K)";
				CODE_SIGN_STYLE = Manual;
				DEVELOPMENT_TEAM = E2QM53C59J;
				INFOPLIST_FILE = RideSafe/Info.plist;
				IPHONEOS_DEPLOYMENT_TARGET = 10.0;
				LD_RUNPATH_SEARCH_PATHS = "$(inherited) @executable_path/Frameworks";
				PRODUCT_BUNDLE_IDENTIFIER = com.mobiquel.RideSafe;
				PRODUCT_NAME = "$(TARGET_NAME)";
				PROVISIONING_PROFILE = "abba85a2-6fcd-4086-9e5f-1bb7077d04a8";
				PROVISIONING_PROFILE_SPECIFIER = RideSafe_Dev;
				SWIFT_VERSION = 4.0;
				TARGETED_DEVICE_FAMILY = "1,2";
			};
			name = Debug;
		};
		2C1EE2C0204E5A440093B3BF /* Release */ = {
			isa = XCBuildConfiguration;
			baseConfigurationReference = EBA50EE64359DEC9A8C9ADF3 /* Pods-JK RideSafe.release.xcconfig */;
			buildSettings = {
				ASSETCATALOG_COMPILER_APPICON_NAME = AppIcon;
				CODE_SIGN_ENTITLEMENTS = "JK RideSafe.entitlements";
				CODE_SIGN_IDENTITY = "iPhone Developer";
				"CODE_SIGN_IDENTITY[sdk=iphoneos*]" = "iPhone Developer: Vibhor Gupta (59C46AYD6K)";
				CODE_SIGN_STYLE = Manual;
				DEVELOPMENT_TEAM = E2QM53C59J;
				INFOPLIST_FILE = RideSafe/Info.plist;
				IPHONEOS_DEPLOYMENT_TARGET = 10.0;
				LD_RUNPATH_SEARCH_PATHS = "$(inherited) @executable_path/Frameworks";
				PRODUCT_BUNDLE_IDENTIFIER = com.mobiquel.RideSafe;
				PRODUCT_NAME = "$(TARGET_NAME)";
				PROVISIONING_PROFILE = "abba85a2-6fcd-4086-9e5f-1bb7077d04a8";
				PROVISIONING_PROFILE_SPECIFIER = RideSafe_Dev;
				SWIFT_VERSION = 4.0;
				TARGETED_DEVICE_FAMILY = "1,2";
			};
			name = Release;
		};
/* End XCBuildConfiguration section */

/* Begin XCConfigurationList section */
		2C1EE2A7204E5A440093B3BF /* Build configuration list for PBXProject "JK RideSafe" */ = {
			isa = XCConfigurationList;
			buildConfigurations = (
				2C1EE2BC204E5A440093B3BF /* Debug */,
				2C1EE2BD204E5A440093B3BF /* Release */,
			);
			defaultConfigurationIsVisible = 0;
			defaultConfigurationName = Release;
		};
		2C1EE2BE204E5A440093B3BF /* Build configuration list for PBXNativeTarget "JK RideSafe" */ = {
			isa = XCConfigurationList;
			buildConfigurations = (
				2C1EE2BF204E5A440093B3BF /* Debug */,
				2C1EE2C0204E5A440093B3BF /* Release */,
			);
			defaultConfigurationIsVisible = 0;
			defaultConfigurationName = Release;
		};
/* End XCConfigurationList section */
	};
	rootObject = 2C1EE2A4204E5A440093B3BF /* Project object */;
}
